{
  "name": "gg-accelerator-stream-manager",
  "version": "1.0.1",
  "lockfileVersion": 2,
  "requires": true,
  "packages": {
    "": {
      "name": "gg-accelerator-stream-manager",
      "version": "1.0.1",
      "license": "Apache-2.0",
      "dependencies": {
        "@aws-cdk/aws-cloudformation": "^1.111.0",
        "@aws-cdk/aws-greengrass": "^1.111.0",
        "@aws-cdk/aws-iotanalytics": "^1.111.0",
        "@aws-cdk/aws-kinesis": "^1.111.0",
        "@aws-cdk/aws-lambda": "^1.111.0",
        "@aws-cdk/core": "^1.111.0",
        "uuid": "^8.3.2"
      },
      "devDependencies": {
        "@types/node": "^16.0.1",
        "@types/uuid": "^8.3.1",
        "typescript": "~4.3.5"
      }
    },
    "node_modules/@aws-cdk/assets": {
      "version": "1.111.0",
      "resolved": "https://registry.npmjs.org/@aws-cdk/assets/-/assets-1.111.0.tgz",
      "integrity": "sha512-O1jZ0cZNxqjSc0tknbecEZZYw5VJxFLsruQT8WguUR0cW2+B6ukdyZw6NBZxAMDrXavWDbqiR/1rdchvm5c+QQ==",
      "peer": true,
      "dependencies": {
        "@aws-cdk/core": "1.111.0",
        "@aws-cdk/cx-api": "1.111.0",
        "constructs": "^3.3.69"
      },
      "engines": {
        "node": ">= 10.13.0 <13 || >=13.7.0"
      },
      "peerDependencies": {
        "@aws-cdk/core": "1.111.0",
        "@aws-cdk/cx-api": "1.111.0",
        "constructs": "^3.3.69"
      }
    },
    "node_modules/@aws-cdk/aws-applicationautoscaling": {
      "version": "1.111.0",
      "resolved": "https://registry.npmjs.org/@aws-cdk/aws-applicationautoscaling/-/aws-applicationautoscaling-1.111.0.tgz",
      "integrity": "sha512-C3XMt3MzvyGTIIksu8/13wSTzE4002MN7+GxBajAbzhSmy7djodCX/FsynQBR/Nfibcabxc0vv1HUoT9JkHf2Q==",
      "peer": true,
      "dependencies": {
        "@aws-cdk/aws-autoscaling-common": "1.111.0",
        "@aws-cdk/aws-cloudwatch": "1.111.0",
        "@aws-cdk/aws-iam": "1.111.0",
        "@aws-cdk/core": "1.111.0",
        "constructs": "^3.3.69"
      },
      "engines": {
        "node": ">= 10.13.0 <13 || >=13.7.0"
      },
      "peerDependencies": {
        "@aws-cdk/aws-autoscaling-common": "1.111.0",
        "@aws-cdk/aws-cloudwatch": "1.111.0",
        "@aws-cdk/aws-iam": "1.111.0",
        "@aws-cdk/core": "1.111.0",
        "constructs": "^3.3.69"
      }
    },
    "node_modules/@aws-cdk/aws-autoscaling-common": {
      "version": "1.111.0",
      "resolved": "https://registry.npmjs.org/@aws-cdk/aws-autoscaling-common/-/aws-autoscaling-common-1.111.0.tgz",
      "integrity": "sha512-JFpxEXOq9JVYcmJ5Bk61jP0lqTL06HjnxiI6lauVNr0LGWlHx1C2dOOr+9rBCRvJxfrKuTXoduPv8E4ywE607A==",
      "peer": true,
      "dependencies": {
        "@aws-cdk/aws-iam": "1.111.0",
        "@aws-cdk/core": "1.111.0",
        "constructs": "^3.3.69"
      },
      "engines": {
        "node": ">= 10.13.0 <13 || >=13.7.0"
      },
      "peerDependencies": {
        "@aws-cdk/aws-iam": "1.111.0",
        "@aws-cdk/core": "1.111.0",
        "constructs": "^3.3.69"
      }
    },
    "node_modules/@aws-cdk/aws-cloudformation": {
      "version": "1.111.0",
      "resolved": "https://registry.npmjs.org/@aws-cdk/aws-cloudformation/-/aws-cloudformation-1.111.0.tgz",
      "integrity": "sha512-JTHRg8womhclxYpI6Q5POIvML2C3bXmBu2hS1UKpe1uStoceR/u9AxI9uEaxlmvoQhK/TU08GIOFihpBlJeD1w==",
      "dependencies": {
        "@aws-cdk/aws-iam": "1.111.0",
        "@aws-cdk/aws-lambda": "1.111.0",
        "@aws-cdk/aws-s3": "1.111.0",
        "@aws-cdk/aws-sns": "1.111.0",
        "@aws-cdk/core": "1.111.0",
        "@aws-cdk/cx-api": "1.111.0",
        "constructs": "^3.3.69"
      },
      "engines": {
        "node": ">= 10.13.0 <13 || >=13.7.0"
      },
      "peerDependencies": {
        "@aws-cdk/aws-iam": "1.111.0",
        "@aws-cdk/aws-lambda": "1.111.0",
        "@aws-cdk/aws-s3": "1.111.0",
        "@aws-cdk/aws-sns": "1.111.0",
        "@aws-cdk/core": "1.111.0",
        "@aws-cdk/cx-api": "1.111.0",
        "constructs": "^3.3.69"
      }
    },
    "node_modules/@aws-cdk/aws-cloudwatch": {
      "version": "1.111.0",
      "resolved": "https://registry.npmjs.org/@aws-cdk/aws-cloudwatch/-/aws-cloudwatch-1.111.0.tgz",
      "integrity": "sha512-VdJrl53JJKpvK3tPJOGW46rq4BkVci1UaR2scJYzrFEvlUpnTk4TRrGWUZQ3h/A6tgJnitfY4JMhvuwLWGKOuQ==",
      "peer": true,
      "dependencies": {
        "@aws-cdk/aws-iam": "1.111.0",
        "@aws-cdk/core": "1.111.0",
        "constructs": "^3.3.69"
      },
      "engines": {
        "node": ">= 10.13.0 <13 || >=13.7.0"
      },
      "peerDependencies": {
        "@aws-cdk/aws-iam": "1.111.0",
        "@aws-cdk/core": "1.111.0",
        "constructs": "^3.3.69"
      }
    },
    "node_modules/@aws-cdk/aws-codeguruprofiler": {
      "version": "1.111.0",
      "resolved": "https://registry.npmjs.org/@aws-cdk/aws-codeguruprofiler/-/aws-codeguruprofiler-1.111.0.tgz",
      "integrity": "sha512-0nu8gi5vmKS7RjrFp7wjq/6x15lKXcYVsypOKXKb8EfSY1lizmJne5xhuh/mn1LtNqNq/x4mLQ14zBGi0dGUmQ==",
      "peer": true,
      "dependencies": {
        "@aws-cdk/aws-iam": "1.111.0",
        "@aws-cdk/core": "1.111.0",
        "constructs": "^3.3.69"
      },
      "engines": {
        "node": ">= 10.13.0 <13 || >=13.7.0"
      },
      "peerDependencies": {
        "@aws-cdk/aws-iam": "1.111.0",
        "@aws-cdk/core": "1.111.0",
        "constructs": "^3.3.69"
      }
    },
    "node_modules/@aws-cdk/aws-codestarnotifications": {
      "version": "1.111.0",
      "resolved": "https://registry.npmjs.org/@aws-cdk/aws-codestarnotifications/-/aws-codestarnotifications-1.111.0.tgz",
      "integrity": "sha512-BunSZn7cCtKvDnpK0+VMxKbGcBK2h8I3UpiZXqVOGn+a+fpHNGcfRLV1r7u7QUXUiKYy1OlO+ip7PK9oWtP8mQ==",
      "peer": true,
      "dependencies": {
        "@aws-cdk/core": "1.111.0",
        "constructs": "^3.3.69"
      },
      "engines": {
        "node": ">= 10.13.0 <13 || >=13.7.0"
      },
      "peerDependencies": {
        "@aws-cdk/core": "1.111.0",
        "constructs": "^3.3.69"
      }
    },
    "node_modules/@aws-cdk/aws-ec2": {
      "version": "1.111.0",
      "resolved": "https://registry.npmjs.org/@aws-cdk/aws-ec2/-/aws-ec2-1.111.0.tgz",
      "integrity": "sha512-fCB4WYPWJj7yAH5Q+0mSJRPE2zIIpCpf+14NhkyPdClrSyPrDuFWPoZDiBXm0ejY0shhmcLDLyt27zzzQ+MbaA==",
      "peer": true,
      "dependencies": {
        "@aws-cdk/aws-cloudwatch": "1.111.0",
        "@aws-cdk/aws-iam": "1.111.0",
        "@aws-cdk/aws-kms": "1.111.0",
        "@aws-cdk/aws-logs": "1.111.0",
        "@aws-cdk/aws-s3": "1.111.0",
        "@aws-cdk/aws-s3-assets": "1.111.0",
        "@aws-cdk/aws-ssm": "1.111.0",
        "@aws-cdk/cloud-assembly-schema": "1.111.0",
        "@aws-cdk/core": "1.111.0",
        "@aws-cdk/cx-api": "1.111.0",
        "@aws-cdk/region-info": "1.111.0",
        "constructs": "^3.3.69"
      },
      "engines": {
        "node": ">= 10.13.0 <13 || >=13.7.0"
      },
      "peerDependencies": {
        "@aws-cdk/aws-cloudwatch": "1.111.0",
        "@aws-cdk/aws-iam": "1.111.0",
        "@aws-cdk/aws-kms": "1.111.0",
        "@aws-cdk/aws-logs": "1.111.0",
        "@aws-cdk/aws-s3": "1.111.0",
        "@aws-cdk/aws-s3-assets": "1.111.0",
        "@aws-cdk/aws-ssm": "1.111.0",
        "@aws-cdk/cloud-assembly-schema": "1.111.0",
        "@aws-cdk/core": "1.111.0",
        "@aws-cdk/cx-api": "1.111.0",
        "@aws-cdk/region-info": "1.111.0",
        "constructs": "^3.3.69"
      }
    },
    "node_modules/@aws-cdk/aws-ecr": {
      "version": "1.111.0",
      "resolved": "https://registry.npmjs.org/@aws-cdk/aws-ecr/-/aws-ecr-1.111.0.tgz",
      "integrity": "sha512-4/qrQ25oUxa+ZjrlJf02+PXF01hLvK/HqfgZt1cIdWDif3KU9SddGI0kIsUk8q0TkhlDDWDdo9DYhQj7+mKB9w==",
      "peer": true,
      "dependencies": {
        "@aws-cdk/aws-events": "1.111.0",
        "@aws-cdk/aws-iam": "1.111.0",
        "@aws-cdk/core": "1.111.0",
        "constructs": "^3.3.69"
      },
      "engines": {
        "node": ">= 10.13.0 <13 || >=13.7.0"
      },
      "peerDependencies": {
        "@aws-cdk/aws-events": "1.111.0",
        "@aws-cdk/aws-iam": "1.111.0",
        "@aws-cdk/core": "1.111.0",
        "constructs": "^3.3.69"
      }
    },
    "node_modules/@aws-cdk/aws-ecr-assets": {
      "version": "1.111.0",
      "resolved": "https://registry.npmjs.org/@aws-cdk/aws-ecr-assets/-/aws-ecr-assets-1.111.0.tgz",
      "integrity": "sha512-3jIYD4W30p/Fj8Xtpk4+IuXajgpGoGXbgy+uNdF4OBY2/Xk1APTP3HnAAwtt2JsR4oI+dsS1Zi+ZZRhz24Ea3w==",
      "bundleDependencies": [
        "minimatch"
      ],
      "peer": true,
      "dependencies": {
        "@aws-cdk/assets": "1.111.0",
        "@aws-cdk/aws-ecr": "1.111.0",
        "@aws-cdk/aws-iam": "1.111.0",
        "@aws-cdk/aws-s3": "1.111.0",
        "@aws-cdk/core": "1.111.0",
        "@aws-cdk/cx-api": "1.111.0",
        "constructs": "^3.3.69",
        "minimatch": "^3.0.4"
      },
      "engines": {
        "node": ">= 10.13.0 <13 || >=13.7.0"
      },
      "peerDependencies": {
        "@aws-cdk/assets": "1.111.0",
        "@aws-cdk/aws-ecr": "1.111.0",
        "@aws-cdk/aws-iam": "1.111.0",
        "@aws-cdk/aws-s3": "1.111.0",
        "@aws-cdk/core": "1.111.0",
        "@aws-cdk/cx-api": "1.111.0",
        "constructs": "^3.3.69"
      }
    },
    "node_modules/@aws-cdk/aws-ecr-assets/node_modules/balanced-match": {
      "version": "1.0.2",
      "inBundle": true,
      "license": "MIT",
      "peer": true
    },
    "node_modules/@aws-cdk/aws-ecr-assets/node_modules/brace-expansion": {
      "version": "1.1.11",
      "inBundle": true,
      "license": "MIT",
      "peer": true,
      "dependencies": {
        "balanced-match": "^1.0.0",
        "concat-map": "0.0.1"
      }
    },
    "node_modules/@aws-cdk/aws-ecr-assets/node_modules/concat-map": {
      "version": "0.0.1",
      "inBundle": true,
      "license": "MIT",
      "peer": true
    },
    "node_modules/@aws-cdk/aws-ecr-assets/node_modules/minimatch": {
      "version": "3.0.4",
      "inBundle": true,
      "license": "ISC",
      "peer": true,
      "dependencies": {
        "brace-expansion": "^1.1.7"
      },
      "engines": {
        "node": "*"
      }
    },
    "node_modules/@aws-cdk/aws-efs": {
      "version": "1.111.0",
      "resolved": "https://registry.npmjs.org/@aws-cdk/aws-efs/-/aws-efs-1.111.0.tgz",
      "integrity": "sha512-WED0nS/A4t+8Z+v1eat8uoHkN5bOwS5hKVNaQpL6/Wxj0rbs6GBD/NahDPtbxk+o7aoDhGshOyLY6GAJRBasJQ==",
      "peer": true,
      "dependencies": {
        "@aws-cdk/aws-ec2": "1.111.0",
        "@aws-cdk/aws-kms": "1.111.0",
        "@aws-cdk/cloud-assembly-schema": "1.111.0",
        "@aws-cdk/core": "1.111.0",
        "@aws-cdk/cx-api": "1.111.0",
        "constructs": "^3.3.69"
      },
      "engines": {
        "node": ">= 10.13.0 <13 || >=13.7.0"
      },
      "peerDependencies": {
        "@aws-cdk/aws-ec2": "1.111.0",
        "@aws-cdk/aws-kms": "1.111.0",
        "@aws-cdk/cloud-assembly-schema": "1.111.0",
        "@aws-cdk/core": "1.111.0",
        "@aws-cdk/cx-api": "1.111.0",
        "constructs": "^3.3.69"
      }
    },
    "node_modules/@aws-cdk/aws-events": {
      "version": "1.111.0",
      "resolved": "https://registry.npmjs.org/@aws-cdk/aws-events/-/aws-events-1.111.0.tgz",
      "integrity": "sha512-oYQtwyAUQheDF4BL2t6V9uRRd+3aLTMje/Y744JoxELEHPkP1EiEutg3kI0TER/S1BZ/E35wVkj3tR420p3QJg==",
      "peer": true,
      "dependencies": {
        "@aws-cdk/aws-iam": "1.111.0",
        "@aws-cdk/core": "1.111.0",
        "constructs": "^3.3.69"
      },
      "engines": {
        "node": ">= 10.13.0 <13 || >=13.7.0"
      },
      "peerDependencies": {
        "@aws-cdk/aws-iam": "1.111.0",
        "@aws-cdk/core": "1.111.0",
        "constructs": "^3.3.69"
      }
    },
    "node_modules/@aws-cdk/aws-greengrass": {
      "version": "1.111.0",
      "resolved": "https://registry.npmjs.org/@aws-cdk/aws-greengrass/-/aws-greengrass-1.111.0.tgz",
      "integrity": "sha512-PDb+rG6CrPebDVH5WTn/W2F++3tKruiXMZJ2Dmd5codFHqhu/bTveHcHApJaEtPliYKgWM3ir8VKfVpFhgkyTw==",
      "dependencies": {
        "@aws-cdk/core": "1.111.0",
        "constructs": "^3.3.69"
      },
      "engines": {
        "node": ">= 10.13.0 <13 || >=13.7.0"
      },
      "peerDependencies": {
        "@aws-cdk/core": "1.111.0",
        "constructs": "^3.3.69"
      }
    },
    "node_modules/@aws-cdk/aws-iam": {
      "version": "1.111.0",
      "resolved": "https://registry.npmjs.org/@aws-cdk/aws-iam/-/aws-iam-1.111.0.tgz",
      "integrity": "sha512-ha0Lv0iudBeuzOlBP5eadoaVf4fASyLDmcBg99f7gHImITaS2T5JqEFY4YRUYjwoJtAUkHTVIcMF2KanWORaIw==",
      "peer": true,
      "dependencies": {
        "@aws-cdk/core": "1.111.0",
        "@aws-cdk/region-info": "1.111.0",
        "constructs": "^3.3.69"
      },
      "engines": {
        "node": ">= 10.13.0 <13 || >=13.7.0"
      },
      "peerDependencies": {
        "@aws-cdk/core": "1.111.0",
        "@aws-cdk/region-info": "1.111.0",
        "constructs": "^3.3.69"
      }
    },
    "node_modules/@aws-cdk/aws-iotanalytics": {
      "version": "1.111.0",
      "resolved": "https://registry.npmjs.org/@aws-cdk/aws-iotanalytics/-/aws-iotanalytics-1.111.0.tgz",
      "integrity": "sha512-cZ9LnYS9uv5pupZDqrv+dicVBdnbdQZqUk5aSQDs2fZMfgetpc5GHmUbadOH3xA/HWfE4mlELB1iV10xhFvJtw==",
      "dependencies": {
        "@aws-cdk/core": "1.111.0",
        "constructs": "^3.3.69"
      },
      "engines": {
        "node": ">= 10.13.0 <13 || >=13.7.0"
      },
      "peerDependencies": {
        "@aws-cdk/core": "1.111.0",
        "constructs": "^3.3.69"
      }
    },
    "node_modules/@aws-cdk/aws-kinesis": {
      "version": "1.111.0",
      "resolved": "https://registry.npmjs.org/@aws-cdk/aws-kinesis/-/aws-kinesis-1.111.0.tgz",
      "integrity": "sha512-s8cuzA5PuEVUxvMUQAFccDKfITwiw3SB2EQzZ7O+KTOaDKGfLp+U9PFgKElqEQuMtls8hUt4n+iP0gryvKEEHw==",
      "dependencies": {
        "@aws-cdk/aws-cloudwatch": "1.111.0",
        "@aws-cdk/aws-iam": "1.111.0",
        "@aws-cdk/aws-kms": "1.111.0",
        "@aws-cdk/aws-logs": "1.111.0",
        "@aws-cdk/core": "1.111.0",
        "constructs": "^3.3.69"
      },
      "engines": {
        "node": ">= 10.13.0 <13 || >=13.7.0"
      },
      "peerDependencies": {
        "@aws-cdk/aws-cloudwatch": "1.111.0",
        "@aws-cdk/aws-iam": "1.111.0",
        "@aws-cdk/aws-kms": "1.111.0",
        "@aws-cdk/aws-logs": "1.111.0",
        "@aws-cdk/core": "1.111.0",
        "constructs": "^3.3.69"
      }
    },
    "node_modules/@aws-cdk/aws-kms": {
      "version": "1.111.0",
      "resolved": "https://registry.npmjs.org/@aws-cdk/aws-kms/-/aws-kms-1.111.0.tgz",
      "integrity": "sha512-m5wu7jRXBHsaevjBrBEjOWmXr9JjyAQWE6m2ONeAw+oNhXt3WZkGzjwIdRbJwX4wOqFv6tjcCvjRzoiKYVEscQ==",
      "peer": true,
      "dependencies": {
        "@aws-cdk/aws-iam": "1.111.0",
        "@aws-cdk/core": "1.111.0",
        "@aws-cdk/cx-api": "1.111.0",
        "constructs": "^3.3.69"
      },
      "engines": {
        "node": ">= 10.13.0 <13 || >=13.7.0"
      },
      "peerDependencies": {
        "@aws-cdk/aws-iam": "1.111.0",
        "@aws-cdk/core": "1.111.0",
        "@aws-cdk/cx-api": "1.111.0",
        "constructs": "^3.3.69"
      }
    },
    "node_modules/@aws-cdk/aws-lambda": {
      "version": "1.111.0",
      "resolved": "https://registry.npmjs.org/@aws-cdk/aws-lambda/-/aws-lambda-1.111.0.tgz",
      "integrity": "sha512-4qufD9uqn4FjGUJaRwURJ+G9ntV5Z2adkYkSxyzA3/05we6yYGPmiJvyeTlcV/pI9Ti/STopz45rnwXOB9SOHQ==",
      "dependencies": {
        "@aws-cdk/aws-applicationautoscaling": "1.111.0",
        "@aws-cdk/aws-cloudwatch": "1.111.0",
        "@aws-cdk/aws-codeguruprofiler": "1.111.0",
        "@aws-cdk/aws-ec2": "1.111.0",
        "@aws-cdk/aws-ecr": "1.111.0",
        "@aws-cdk/aws-ecr-assets": "1.111.0",
        "@aws-cdk/aws-efs": "1.111.0",
        "@aws-cdk/aws-events": "1.111.0",
        "@aws-cdk/aws-iam": "1.111.0",
        "@aws-cdk/aws-kms": "1.111.0",
        "@aws-cdk/aws-logs": "1.111.0",
        "@aws-cdk/aws-s3": "1.111.0",
        "@aws-cdk/aws-s3-assets": "1.111.0",
        "@aws-cdk/aws-signer": "1.111.0",
        "@aws-cdk/aws-sqs": "1.111.0",
        "@aws-cdk/core": "1.111.0",
        "@aws-cdk/cx-api": "1.111.0",
        "constructs": "^3.3.69"
      },
      "engines": {
        "node": ">= 10.13.0 <13 || >=13.7.0"
      },
      "peerDependencies": {
        "@aws-cdk/aws-applicationautoscaling": "1.111.0",
        "@aws-cdk/aws-cloudwatch": "1.111.0",
        "@aws-cdk/aws-codeguruprofiler": "1.111.0",
        "@aws-cdk/aws-ec2": "1.111.0",
        "@aws-cdk/aws-ecr": "1.111.0",
        "@aws-cdk/aws-ecr-assets": "1.111.0",
        "@aws-cdk/aws-efs": "1.111.0",
        "@aws-cdk/aws-events": "1.111.0",
        "@aws-cdk/aws-iam": "1.111.0",
        "@aws-cdk/aws-kms": "1.111.0",
        "@aws-cdk/aws-logs": "1.111.0",
        "@aws-cdk/aws-s3": "1.111.0",
        "@aws-cdk/aws-s3-assets": "1.111.0",
        "@aws-cdk/aws-signer": "1.111.0",
        "@aws-cdk/aws-sqs": "1.111.0",
        "@aws-cdk/core": "1.111.0",
        "@aws-cdk/cx-api": "1.111.0",
        "constructs": "^3.3.69"
      }
    },
    "node_modules/@aws-cdk/aws-logs": {
      "version": "1.111.0",
      "resolved": "https://registry.npmjs.org/@aws-cdk/aws-logs/-/aws-logs-1.111.0.tgz",
      "integrity": "sha512-GmVLxVU8axHGL5Yd/HlKz/1ViMNJfl+HC9VO0r132XUcVpSX94ergOJFkdM5oJnjJaLdvzW2ZGtgv0anuAa9mQ==",
      "peer": true,
      "dependencies": {
        "@aws-cdk/aws-cloudwatch": "1.111.0",
        "@aws-cdk/aws-iam": "1.111.0",
        "@aws-cdk/aws-kms": "1.111.0",
        "@aws-cdk/aws-s3-assets": "1.111.0",
        "@aws-cdk/core": "1.111.0",
        "constructs": "^3.3.69"
      },
      "engines": {
        "node": ">= 10.13.0 <13 || >=13.7.0"
      },
      "peerDependencies": {
        "@aws-cdk/aws-cloudwatch": "1.111.0",
        "@aws-cdk/aws-iam": "1.111.0",
        "@aws-cdk/aws-kms": "1.111.0",
        "@aws-cdk/aws-s3-assets": "1.111.0",
        "@aws-cdk/core": "1.111.0",
        "constructs": "^3.3.69"
      }
    },
    "node_modules/@aws-cdk/aws-s3": {
      "version": "1.111.0",
      "resolved": "https://registry.npmjs.org/@aws-cdk/aws-s3/-/aws-s3-1.111.0.tgz",
      "integrity": "sha512-xZiJv/RjN1Cv4dqt9TxNAzw3wxqpPfsV9TQ9EDqzWc9f7ESMUj34+r2DSGHimLIf8WFvy4rFAYXY7akP9v77jA==",
      "peer": true,
      "dependencies": {
        "@aws-cdk/aws-events": "1.111.0",
        "@aws-cdk/aws-iam": "1.111.0",
        "@aws-cdk/aws-kms": "1.111.0",
        "@aws-cdk/core": "1.111.0",
        "@aws-cdk/cx-api": "1.111.0",
        "constructs": "^3.3.69"
      },
      "engines": {
        "node": ">= 10.13.0 <13 || >=13.7.0"
      },
      "peerDependencies": {
        "@aws-cdk/aws-events": "1.111.0",
        "@aws-cdk/aws-iam": "1.111.0",
        "@aws-cdk/aws-kms": "1.111.0",
        "@aws-cdk/core": "1.111.0",
        "@aws-cdk/cx-api": "1.111.0",
        "constructs": "^3.3.69"
      }
    },
    "node_modules/@aws-cdk/aws-s3-assets": {
      "version": "1.111.0",
      "resolved": "https://registry.npmjs.org/@aws-cdk/aws-s3-assets/-/aws-s3-assets-1.111.0.tgz",
      "integrity": "sha512-viKjW0TE+k23HpddxHUO6j+rCQBKmUYuIqvyhYD8p8tnsgmwBNKlLexiDghkd24+RmkFQMhQmrQrT4niSJffEw==",
      "peer": true,
      "dependencies": {
        "@aws-cdk/assets": "1.111.0",
        "@aws-cdk/aws-iam": "1.111.0",
        "@aws-cdk/aws-kms": "1.111.0",
        "@aws-cdk/aws-s3": "1.111.0",
        "@aws-cdk/core": "1.111.0",
        "@aws-cdk/cx-api": "1.111.0",
        "constructs": "^3.3.69"
      },
      "engines": {
        "node": ">= 10.13.0 <13 || >=13.7.0"
      },
      "peerDependencies": {
        "@aws-cdk/assets": "1.111.0",
        "@aws-cdk/aws-iam": "1.111.0",
        "@aws-cdk/aws-kms": "1.111.0",
        "@aws-cdk/aws-s3": "1.111.0",
        "@aws-cdk/core": "1.111.0",
        "@aws-cdk/cx-api": "1.111.0",
        "constructs": "^3.3.69"
      }
    },
    "node_modules/@aws-cdk/aws-signer": {
      "version": "1.111.0",
      "resolved": "https://registry.npmjs.org/@aws-cdk/aws-signer/-/aws-signer-1.111.0.tgz",
      "integrity": "sha512-rWXo/kggORGiWctX6YsKSO/+D9UicxHh8z1hNeQXRCvdVAeorY5Xx7DpfMCzpgOc28FF1qwqusWwBP36XDNs1Q==",
      "peer": true,
      "dependencies": {
        "@aws-cdk/core": "1.111.0",
        "constructs": "^3.3.69"
      },
      "engines": {
        "node": ">= 10.13.0 <13 || >=13.7.0"
      },
      "peerDependencies": {
        "@aws-cdk/core": "1.111.0",
        "constructs": "^3.3.69"
      }
    },
    "node_modules/@aws-cdk/aws-sns": {
      "version": "1.111.0",
      "resolved": "https://registry.npmjs.org/@aws-cdk/aws-sns/-/aws-sns-1.111.0.tgz",
      "integrity": "sha512-EnlG+GmohM8OlZMS1FbAGyc9BHBpMSjxC2gpm6ZmNisFTxpSC66EnkWeXOhD/ZfjqaxiLFEYoKM8IGc6dy2eFg==",
      "peer": true,
      "dependencies": {
        "@aws-cdk/aws-cloudwatch": "1.111.0",
        "@aws-cdk/aws-codestarnotifications": "1.111.0",
        "@aws-cdk/aws-events": "1.111.0",
        "@aws-cdk/aws-iam": "1.111.0",
        "@aws-cdk/aws-kms": "1.111.0",
        "@aws-cdk/aws-sqs": "1.111.0",
        "@aws-cdk/core": "1.111.0",
        "constructs": "^3.3.69"
      },
      "engines": {
        "node": ">= 10.13.0 <13 || >=13.7.0"
      },
      "peerDependencies": {
        "@aws-cdk/aws-cloudwatch": "1.111.0",
        "@aws-cdk/aws-codestarnotifications": "1.111.0",
        "@aws-cdk/aws-events": "1.111.0",
        "@aws-cdk/aws-iam": "1.111.0",
        "@aws-cdk/aws-kms": "1.111.0",
        "@aws-cdk/aws-sqs": "1.111.0",
        "@aws-cdk/core": "1.111.0",
        "constructs": "^3.3.69"
      }
    },
    "node_modules/@aws-cdk/aws-sqs": {
      "version": "1.111.0",
      "resolved": "https://registry.npmjs.org/@aws-cdk/aws-sqs/-/aws-sqs-1.111.0.tgz",
      "integrity": "sha512-OH/1Tu8uGvPvFkqQD/f0hmOqgDjClMZ8IhM6SZ7zvqYKsFjgrHqyorKcGDViCoWWbN/TNKjbW6rcHtas1KIo/A==",
      "peer": true,
      "dependencies": {
        "@aws-cdk/aws-cloudwatch": "1.111.0",
        "@aws-cdk/aws-iam": "1.111.0",
        "@aws-cdk/aws-kms": "1.111.0",
        "@aws-cdk/core": "1.111.0",
        "constructs": "^3.3.69"
      },
      "engines": {
        "node": ">= 10.13.0 <13 || >=13.7.0"
      },
      "peerDependencies": {
        "@aws-cdk/aws-cloudwatch": "1.111.0",
        "@aws-cdk/aws-iam": "1.111.0",
        "@aws-cdk/aws-kms": "1.111.0",
        "@aws-cdk/core": "1.111.0",
        "constructs": "^3.3.69"
      }
    },
    "node_modules/@aws-cdk/aws-ssm": {
      "version": "1.111.0",
      "resolved": "https://registry.npmjs.org/@aws-cdk/aws-ssm/-/aws-ssm-1.111.0.tgz",
      "integrity": "sha512-/rBwM0j8n78Ih62nnJ2d86hoChWid6BN0qEKYiK/1RqrWyXWpNAVADW0rK1Ous8L0qC1rHOFTCoxDVuIM6+VdQ==",
      "peer": true,
      "dependencies": {
        "@aws-cdk/aws-iam": "1.111.0",
        "@aws-cdk/aws-kms": "1.111.0",
        "@aws-cdk/cloud-assembly-schema": "1.111.0",
        "@aws-cdk/core": "1.111.0",
        "constructs": "^3.3.69"
      },
      "engines": {
        "node": ">= 10.13.0 <13 || >=13.7.0"
      },
      "peerDependencies": {
        "@aws-cdk/aws-iam": "1.111.0",
        "@aws-cdk/aws-kms": "1.111.0",
        "@aws-cdk/cloud-assembly-schema": "1.111.0",
        "@aws-cdk/core": "1.111.0",
        "constructs": "^3.3.69"
      }
    },
    "node_modules/@aws-cdk/cloud-assembly-schema": {
      "version": "1.111.0",
      "resolved": "https://registry.npmjs.org/@aws-cdk/cloud-assembly-schema/-/cloud-assembly-schema-1.111.0.tgz",
      "integrity": "sha512-Ql59HF7PDLQJislHAVhTZE8JHUtb5zikCjHseOuvWh3c5f5jjJ4i7pq9N6wjfamjfC7JGQ7LmRSXP61NIc3aNQ==",
      "bundleDependencies": [
        "jsonschema",
        "semver"
      ],
      "peer": true,
      "dependencies": {
        "jsonschema": "^1.4.0",
        "semver": "^7.3.5"
      },
      "engines": {
        "node": ">= 10.13.0 <13 || >=13.7.0"
      }
    },
    "node_modules/@aws-cdk/cloud-assembly-schema/node_modules/jsonschema": {
      "version": "1.4.0",
      "inBundle": true,
      "license": "MIT",
      "peer": true,
      "engines": {
        "node": "*"
      }
    },
    "node_modules/@aws-cdk/cloud-assembly-schema/node_modules/lru-cache": {
      "version": "6.0.0",
      "inBundle": true,
      "license": "ISC",
      "peer": true,
      "dependencies": {
        "yallist": "^4.0.0"
      },
      "engines": {
        "node": ">=10"
      }
    },
    "node_modules/@aws-cdk/cloud-assembly-schema/node_modules/semver": {
      "version": "7.3.5",
      "inBundle": true,
      "license": "ISC",
      "peer": true,
      "dependencies": {
        "lru-cache": "^6.0.0"
      },
      "bin": {
        "semver": "bin/semver.js"
      },
      "engines": {
        "node": ">=10"
      }
    },
    "node_modules/@aws-cdk/cloud-assembly-schema/node_modules/yallist": {
      "version": "4.0.0",
      "inBundle": true,
      "license": "ISC",
      "peer": true
    },
    "node_modules/@aws-cdk/core": {
      "version": "1.111.0",
      "resolved": "https://registry.npmjs.org/@aws-cdk/core/-/core-1.111.0.tgz",
      "integrity": "sha512-ptI43hFZ6yClzyBbCQh1LZgy3b8Z0ekkb6XYCf1BtmqmimvQJOyBc68nfn+NaO2uGDRMor2XhkN9qIRpInSR4w==",
      "bundleDependencies": [
        "fs-extra",
        "minimatch",
        "@balena/dockerignore",
        "ignore"
      ],
      "dependencies": {
        "@aws-cdk/cloud-assembly-schema": "1.111.0",
        "@aws-cdk/cx-api": "1.111.0",
        "@aws-cdk/region-info": "1.111.0",
        "@balena/dockerignore": "^1.0.2",
        "constructs": "^3.3.69",
        "fs-extra": "^9.1.0",
        "ignore": "^5.1.8",
        "minimatch": "^3.0.4"
      },
      "engines": {
        "node": ">= 10.13.0 <13 || >=13.7.0"
      },
      "peerDependencies": {
        "@aws-cdk/cloud-assembly-schema": "1.111.0",
        "@aws-cdk/cx-api": "1.111.0",
        "@aws-cdk/region-info": "1.111.0",
        "constructs": "^3.3.69"
      }
    },
    "node_modules/@aws-cdk/core/node_modules/@balena/dockerignore": {
      "version": "1.0.2",
      "inBundle": true,
      "license": "Apache-2.0"
    },
    "node_modules/@aws-cdk/core/node_modules/at-least-node": {
      "version": "1.0.0",
      "inBundle": true,
      "license": "ISC",
      "engines": {
        "node": ">= 4.0.0"
      }
    },
    "node_modules/@aws-cdk/core/node_modules/balanced-match": {
      "version": "1.0.2",
      "inBundle": true,
      "license": "MIT"
    },
    "node_modules/@aws-cdk/core/node_modules/brace-expansion": {
      "version": "1.1.11",
      "inBundle": true,
      "license": "MIT",
      "dependencies": {
        "balanced-match": "^1.0.0",
        "concat-map": "0.0.1"
      }
    },
    "node_modules/@aws-cdk/core/node_modules/concat-map": {
      "version": "0.0.1",
      "inBundle": true,
      "license": "MIT"
    },
    "node_modules/@aws-cdk/core/node_modules/fs-extra": {
      "version": "9.1.0",
      "inBundle": true,
      "license": "MIT",
      "dependencies": {
        "at-least-node": "^1.0.0",
        "graceful-fs": "^4.2.0",
        "jsonfile": "^6.0.1",
        "universalify": "^2.0.0"
      },
      "engines": {
        "node": ">=10"
      }
    },
    "node_modules/@aws-cdk/core/node_modules/graceful-fs": {
      "version": "4.2.6",
      "inBundle": true,
      "license": "ISC"
    },
    "node_modules/@aws-cdk/core/node_modules/ignore": {
      "version": "5.1.8",
      "inBundle": true,
      "license": "MIT",
      "engines": {
        "node": ">= 4"
      }
    },
    "node_modules/@aws-cdk/core/node_modules/jsonfile": {
      "version": "6.1.0",
      "inBundle": true,
      "license": "MIT",
      "dependencies": {
        "universalify": "^2.0.0"
      },
      "optionalDependencies": {
        "graceful-fs": "^4.1.6"
      }
    },
    "node_modules/@aws-cdk/core/node_modules/minimatch": {
      "version": "3.0.4",
      "inBundle": true,
      "license": "ISC",
      "dependencies": {
        "brace-expansion": "^1.1.7"
      },
      "engines": {
        "node": "*"
      }
    },
    "node_modules/@aws-cdk/core/node_modules/universalify": {
      "version": "2.0.0",
      "inBundle": true,
      "license": "MIT",
      "engines": {
        "node": ">= 10.0.0"
      }
    },
    "node_modules/@aws-cdk/cx-api": {
      "version": "1.111.0",
      "resolved": "https://registry.npmjs.org/@aws-cdk/cx-api/-/cx-api-1.111.0.tgz",
      "integrity": "sha512-dGYu+3LapX3Gv4+68kOIQ2igIbAGCqNGcs5+8CFHqilBeRb31FyT5mU5yE3Hkp/+RW0Zy0T+MgCFcu0WXHgJBw==",
      "bundleDependencies": [
        "semver"
      ],
      "peer": true,
      "dependencies": {
        "@aws-cdk/cloud-assembly-schema": "1.111.0",
        "semver": "^7.3.5"
      },
      "engines": {
        "node": ">= 10.13.0 <13 || >=13.7.0"
      },
      "peerDependencies": {
        "@aws-cdk/cloud-assembly-schema": "1.111.0"
      }
    },
    "node_modules/@aws-cdk/cx-api/node_modules/lru-cache": {
      "version": "6.0.0",
      "inBundle": true,
      "license": "ISC",
      "peer": true,
      "dependencies": {
        "yallist": "^4.0.0"
      },
      "engines": {
        "node": ">=10"
      }
    },
    "node_modules/@aws-cdk/cx-api/node_modules/semver": {
      "version": "7.3.5",
      "inBundle": true,
      "license": "ISC",
      "peer": true,
      "dependencies": {
        "lru-cache": "^6.0.0"
      },
      "bin": {
        "semver": "bin/semver.js"
      },
      "engines": {
        "node": ">=10"
      }
    },
    "node_modules/@aws-cdk/cx-api/node_modules/yallist": {
      "version": "4.0.0",
      "inBundle": true,
      "license": "ISC",
      "peer": true
    },
    "node_modules/@aws-cdk/region-info": {
      "version": "1.111.0",
      "resolved": "https://registry.npmjs.org/@aws-cdk/region-info/-/region-info-1.111.0.tgz",
      "integrity": "sha512-xUqNPkg5cEV/df1aSle2cc+yasgyOtFPMXw53PYMTArwfmHMsXb5Lna0lsFddMx4heO+be5XYUrWVijIiPHMIQ==",
      "peer": true,
      "engines": {
        "node": ">= 10.13.0 <13 || >=13.7.0"
      }
    },
    "node_modules/@types/node": {
      "version": "16.0.1",
      "resolved": "https://registry.npmjs.org/@types/node/-/node-16.0.1.tgz",
      "integrity": "sha512-hBOx4SUlEPKwRi6PrXuTGw1z6lz0fjsibcWCM378YxsSu/6+C30L6CR49zIBKHiwNWCYIcOLjg4OHKZaFeLAug==",
      "dev": true
    },
    "node_modules/@types/uuid": {
      "version": "8.3.1",
      "resolved": "https://registry.npmjs.org/@types/uuid/-/uuid-8.3.1.tgz",
      "integrity": "sha512-Y2mHTRAbqfFkpjldbkHGY8JIzRN6XqYRliG8/24FcHm2D2PwW24fl5xMRTVGdrb7iMrwCaIEbLWerGIkXuFWVg==",
      "dev": true
    },
    "node_modules/constructs": {
      "version": "3.3.97",
      "resolved": "https://registry.npmjs.org/constructs/-/constructs-3.3.97.tgz",
      "integrity": "sha512-KDemmmUBgTDd2OKVOZkVEJM1LwP/bzm+cs2l/v1UYctIUl2X4LW+MrK7Ajd8blKkS5Vp6edkQSTSHUJnR/413w==",
      "peer": true,
      "engines": {
        "node": ">= 10.17.0"
      }
    },
    "node_modules/typescript": {
      "version": "4.3.5",
      "resolved": "https://registry.npmjs.org/typescript/-/typescript-4.3.5.tgz",
      "integrity": "sha512-DqQgihaQ9cUrskJo9kIyW/+g0Vxsk8cDtZ52a3NGh0YNTfpUSArXSohyUGnvbPazEPLu398C0UxmKSOrPumUzA==",
      "dev": true,
      "bin": {
        "tsc": "bin/tsc",
        "tsserver": "bin/tsserver"
      },
      "engines": {
        "node": ">=4.2.0"
      }
    },
    "node_modules/uuid": {
      "version": "8.3.2",
      "resolved": "https://registry.npmjs.org/uuid/-/uuid-8.3.2.tgz",
      "integrity": "sha512-+NYs2QeMWy+GWFOEm9xnn6HCDp0l7QBD7ml8zLUmJ+93Q5NF0NocErnwkTkXVFNiX3/fpC6afS8Dhb/gz7R7eg==",
      "bin": {
        "uuid": "dist/bin/uuid"
      }
    }
  },
  "dependencies": {
    "@aws-cdk/assets": {
      "version": "1.111.0",
      "resolved": "https://registry.npmjs.org/@aws-cdk/assets/-/assets-1.111.0.tgz",
      "integrity": "sha512-O1jZ0cZNxqjSc0tknbecEZZYw5VJxFLsruQT8WguUR0cW2+B6ukdyZw6NBZxAMDrXavWDbqiR/1rdchvm5c+QQ==",
      "peer": true,
      "requires": {}
    },
    "@aws-cdk/aws-applicationautoscaling": {
      "version": "1.111.0",
      "resolved": "https://registry.npmjs.org/@aws-cdk/aws-applicationautoscaling/-/aws-applicationautoscaling-1.111.0.tgz",
      "integrity": "sha512-C3XMt3MzvyGTIIksu8/13wSTzE4002MN7+GxBajAbzhSmy7djodCX/FsynQBR/Nfibcabxc0vv1HUoT9JkHf2Q==",
      "peer": true,
      "requires": {}
    },
    "@aws-cdk/aws-autoscaling-common": {
      "version": "1.111.0",
      "resolved": "https://registry.npmjs.org/@aws-cdk/aws-autoscaling-common/-/aws-autoscaling-common-1.111.0.tgz",
      "integrity": "sha512-JFpxEXOq9JVYcmJ5Bk61jP0lqTL06HjnxiI6lauVNr0LGWlHx1C2dOOr+9rBCRvJxfrKuTXoduPv8E4ywE607A==",
      "peer": true,
      "requires": {}
    },
    "@aws-cdk/aws-cloudformation": {
      "version": "1.111.0",
      "resolved": "https://registry.npmjs.org/@aws-cdk/aws-cloudformation/-/aws-cloudformation-1.111.0.tgz",
      "integrity": "sha512-JTHRg8womhclxYpI6Q5POIvML2C3bXmBu2hS1UKpe1uStoceR/u9AxI9uEaxlmvoQhK/TU08GIOFihpBlJeD1w==",
      "requires": {}
    },
    "@aws-cdk/aws-cloudwatch": {
      "version": "1.111.0",
      "resolved": "https://registry.npmjs.org/@aws-cdk/aws-cloudwatch/-/aws-cloudwatch-1.111.0.tgz",
      "integrity": "sha512-VdJrl53JJKpvK3tPJOGW46rq4BkVci1UaR2scJYzrFEvlUpnTk4TRrGWUZQ3h/A6tgJnitfY4JMhvuwLWGKOuQ==",
      "peer": true,
      "requires": {}
    },
    "@aws-cdk/aws-codeguruprofiler": {
      "version": "1.111.0",
      "resolved": "https://registry.npmjs.org/@aws-cdk/aws-codeguruprofiler/-/aws-codeguruprofiler-1.111.0.tgz",
      "integrity": "sha512-0nu8gi5vmKS7RjrFp7wjq/6x15lKXcYVsypOKXKb8EfSY1lizmJne5xhuh/mn1LtNqNq/x4mLQ14zBGi0dGUmQ==",
      "peer": true,
      "requires": {}
    },
    "@aws-cdk/aws-codestarnotifications": {
      "version": "1.111.0",
      "resolved": "https://registry.npmjs.org/@aws-cdk/aws-codestarnotifications/-/aws-codestarnotifications-1.111.0.tgz",
      "integrity": "sha512-BunSZn7cCtKvDnpK0+VMxKbGcBK2h8I3UpiZXqVOGn+a+fpHNGcfRLV1r7u7QUXUiKYy1OlO+ip7PK9oWtP8mQ==",
      "peer": true,
      "requires": {}
    },
    "@aws-cdk/aws-ec2": {
      "version": "1.111.0",
      "resolved": "https://registry.npmjs.org/@aws-cdk/aws-ec2/-/aws-ec2-1.111.0.tgz",
      "integrity": "sha512-fCB4WYPWJj7yAH5Q+0mSJRPE2zIIpCpf+14NhkyPdClrSyPrDuFWPoZDiBXm0ejY0shhmcLDLyt27zzzQ+MbaA==",
      "peer": true,
      "requires": {}
    },
    "@aws-cdk/aws-ecr": {
      "version": "1.111.0",
      "resolved": "https://registry.npmjs.org/@aws-cdk/aws-ecr/-/aws-ecr-1.111.0.tgz",
      "integrity": "sha512-4/qrQ25oUxa+ZjrlJf02+PXF01hLvK/HqfgZt1cIdWDif3KU9SddGI0kIsUk8q0TkhlDDWDdo9DYhQj7+mKB9w==",
      "peer": true,
      "requires": {}
    },
    "@aws-cdk/aws-ecr-assets": {
      "version": "1.111.0",
      "resolved": "https://registry.npmjs.org/@aws-cdk/aws-ecr-assets/-/aws-ecr-assets-1.111.0.tgz",
      "integrity": "sha512-3jIYD4W30p/Fj8Xtpk4+IuXajgpGoGXbgy+uNdF4OBY2/Xk1APTP3HnAAwtt2JsR4oI+dsS1Zi+ZZRhz24Ea3w==",
      "peer": true,
      "requires": {
        "minimatch": "^3.0.4"
      },
      "dependencies": {
        "balanced-match": {
          "version": "1.0.2",
          "bundled": true,
          "peer": true
        },
        "brace-expansion": {
          "version": "1.1.11",
          "bundled": true,
          "peer": true,
          "requires": {
            "balanced-match": "^1.0.0",
            "concat-map": "0.0.1"
          }
        },
        "concat-map": {
          "version": "0.0.1",
          "bundled": true,
          "peer": true
        },
        "minimatch": {
          "version": "3.0.4",
          "bundled": true,
          "peer": true,
          "requires": {
            "brace-expansion": "^1.1.7"
          }
        }
      }
    },
    "@aws-cdk/aws-efs": {
      "version": "1.111.0",
      "resolved": "https://registry.npmjs.org/@aws-cdk/aws-efs/-/aws-efs-1.111.0.tgz",
      "integrity": "sha512-WED0nS/A4t+8Z+v1eat8uoHkN5bOwS5hKVNaQpL6/Wxj0rbs6GBD/NahDPtbxk+o7aoDhGshOyLY6GAJRBasJQ==",
      "peer": true,
      "requires": {}
    },
    "@aws-cdk/aws-events": {
      "version": "1.111.0",
      "resolved": "https://registry.npmjs.org/@aws-cdk/aws-events/-/aws-events-1.111.0.tgz",
      "integrity": "sha512-oYQtwyAUQheDF4BL2t6V9uRRd+3aLTMje/Y744JoxELEHPkP1EiEutg3kI0TER/S1BZ/E35wVkj3tR420p3QJg==",
      "peer": true,
      "requires": {}
    },
    "@aws-cdk/aws-greengrass": {
      "version": "1.111.0",
      "resolved": "https://registry.npmjs.org/@aws-cdk/aws-greengrass/-/aws-greengrass-1.111.0.tgz",
      "integrity": "sha512-PDb+rG6CrPebDVH5WTn/W2F++3tKruiXMZJ2Dmd5codFHqhu/bTveHcHApJaEtPliYKgWM3ir8VKfVpFhgkyTw==",
      "requires": {}
    },
    "@aws-cdk/aws-iam": {
      "version": "1.111.0",
      "resolved": "https://registry.npmjs.org/@aws-cdk/aws-iam/-/aws-iam-1.111.0.tgz",
      "integrity": "sha512-ha0Lv0iudBeuzOlBP5eadoaVf4fASyLDmcBg99f7gHImITaS2T5JqEFY4YRUYjwoJtAUkHTVIcMF2KanWORaIw==",
      "peer": true,
      "requires": {}
    },
    "@aws-cdk/aws-iotanalytics": {
      "version": "1.111.0",
      "resolved": "https://registry.npmjs.org/@aws-cdk/aws-iotanalytics/-/aws-iotanalytics-1.111.0.tgz",
      "integrity": "sha512-cZ9LnYS9uv5pupZDqrv+dicVBdnbdQZqUk5aSQDs2fZMfgetpc5GHmUbadOH3xA/HWfE4mlELB1iV10xhFvJtw==",
      "requires": {}
    },
    "@aws-cdk/aws-kinesis": {
      "version": "1.111.0",
      "resolved": "https://registry.npmjs.org/@aws-cdk/aws-kinesis/-/aws-kinesis-1.111.0.tgz",
      "integrity": "sha512-s8cuzA5PuEVUxvMUQAFccDKfITwiw3SB2EQzZ7O+KTOaDKGfLp+U9PFgKElqEQuMtls8hUt4n+iP0gryvKEEHw==",
      "requires": {}
    },
    "@aws-cdk/aws-kms": {
      "version": "1.111.0",
      "resolved": "https://registry.npmjs.org/@aws-cdk/aws-kms/-/aws-kms-1.111.0.tgz",
      "integrity": "sha512-m5wu7jRXBHsaevjBrBEjOWmXr9JjyAQWE6m2ONeAw+oNhXt3WZkGzjwIdRbJwX4wOqFv6tjcCvjRzoiKYVEscQ==",
      "peer": true,
      "requires": {}
    },
    "@aws-cdk/aws-lambda": {
      "version": "1.111.0",
      "resolved": "https://registry.npmjs.org/@aws-cdk/aws-lambda/-/aws-lambda-1.111.0.tgz",
      "integrity": "sha512-4qufD9uqn4FjGUJaRwURJ+G9ntV5Z2adkYkSxyzA3/05we6yYGPmiJvyeTlcV/pI9Ti/STopz45rnwXOB9SOHQ==",
      "requires": {}
    },
    "@aws-cdk/aws-logs": {
      "version": "1.111.0",
      "resolved": "https://registry.npmjs.org/@aws-cdk/aws-logs/-/aws-logs-1.111.0.tgz",
      "integrity": "sha512-GmVLxVU8axHGL5Yd/HlKz/1ViMNJfl+HC9VO0r132XUcVpSX94ergOJFkdM5oJnjJaLdvzW2ZGtgv0anuAa9mQ==",
      "peer": true,
      "requires": {}
    },
    "@aws-cdk/aws-s3": {
      "version": "1.111.0",
      "resolved": "https://registry.npmjs.org/@aws-cdk/aws-s3/-/aws-s3-1.111.0.tgz",
      "integrity": "sha512-xZiJv/RjN1Cv4dqt9TxNAzw3wxqpPfsV9TQ9EDqzWc9f7ESMUj34+r2DSGHimLIf8WFvy4rFAYXY7akP9v77jA==",
      "peer": true,
      "requires": {}
    },
    "@aws-cdk/aws-s3-assets": {
      "version": "1.111.0",
      "resolved": "https://registry.npmjs.org/@aws-cdk/aws-s3-assets/-/aws-s3-assets-1.111.0.tgz",
      "integrity": "sha512-viKjW0TE+k23HpddxHUO6j+rCQBKmUYuIqvyhYD8p8tnsgmwBNKlLexiDghkd24+RmkFQMhQmrQrT4niSJffEw==",
      "peer": true,
      "requires": {}
    },
    "@aws-cdk/aws-signer": {
      "version": "1.111.0",
      "resolved": "https://registry.npmjs.org/@aws-cdk/aws-signer/-/aws-signer-1.111.0.tgz",
      "integrity": "sha512-rWXo/kggORGiWctX6YsKSO/+D9UicxHh8z1hNeQXRCvdVAeorY5Xx7DpfMCzpgOc28FF1qwqusWwBP36XDNs1Q==",
      "peer": true,
      "requires": {}
    },
    "@aws-cdk/aws-sns": {
      "version": "1.111.0",
      "resolved": "https://registry.npmjs.org/@aws-cdk/aws-sns/-/aws-sns-1.111.0.tgz",
      "integrity": "sha512-EnlG+GmohM8OlZMS1FbAGyc9BHBpMSjxC2gpm6ZmNisFTxpSC66EnkWeXOhD/ZfjqaxiLFEYoKM8IGc6dy2eFg==",
      "peer": true,
      "requires": {}
    },
    "@aws-cdk/aws-sqs": {
      "version": "1.111.0",
      "resolved": "https://registry.npmjs.org/@aws-cdk/aws-sqs/-/aws-sqs-1.111.0.tgz",
      "integrity": "sha512-OH/1Tu8uGvPvFkqQD/f0hmOqgDjClMZ8IhM6SZ7zvqYKsFjgrHqyorKcGDViCoWWbN/TNKjbW6rcHtas1KIo/A==",
      "peer": true,
      "requires": {}
    },
    "@aws-cdk/aws-ssm": {
      "version": "1.111.0",
      "resolved": "https://registry.npmjs.org/@aws-cdk/aws-ssm/-/aws-ssm-1.111.0.tgz",
      "integrity": "sha512-/rBwM0j8n78Ih62nnJ2d86hoChWid6BN0qEKYiK/1RqrWyXWpNAVADW0rK1Ous8L0qC1rHOFTCoxDVuIM6+VdQ==",
      "peer": true,
      "requires": {}
    },
    "@aws-cdk/cloud-assembly-schema": {
      "version": "1.111.0",
      "resolved": "https://registry.npmjs.org/@aws-cdk/cloud-assembly-schema/-/cloud-assembly-schema-1.111.0.tgz",
      "integrity": "sha512-Ql59HF7PDLQJislHAVhTZE8JHUtb5zikCjHseOuvWh3c5f5jjJ4i7pq9N6wjfamjfC7JGQ7LmRSXP61NIc3aNQ==",
      "peer": true,
      "requires": {
        "jsonschema": "^1.4.0",
        "semver": "^7.3.5"
      },
      "dependencies": {
        "jsonschema": {
          "version": "1.4.0",
          "bundled": true,
          "peer": true
        },
        "lru-cache": {
          "version": "6.0.0",
          "bundled": true,
          "peer": true,
          "requires": {
            "yallist": "^4.0.0"
          }
        },
        "semver": {
          "version": "7.3.5",
          "bundled": true,
          "peer": true,
          "requires": {
            "lru-cache": "^6.0.0"
          }
        },
        "yallist": {
          "version": "4.0.0",
          "bundled": true,
          "peer": true
        }
      }
    },
    "@aws-cdk/core": {
      "version": "1.111.0",
      "resolved": "https://registry.npmjs.org/@aws-cdk/core/-/core-1.111.0.tgz",
      "integrity": "sha512-ptI43hFZ6yClzyBbCQh1LZgy3b8Z0ekkb6XYCf1BtmqmimvQJOyBc68nfn+NaO2uGDRMor2XhkN9qIRpInSR4w==",
      "requires": {
        "@balena/dockerignore": "^1.0.2",
        "fs-extra": "^9.1.0",
        "ignore": "^5.1.8",
        "minimatch": "^3.0.4"
      },
      "dependencies": {
        "@balena/dockerignore": {
          "version": "1.0.2",
          "bundled": true
        },
        "at-least-node": {
          "version": "1.0.0",
          "bundled": true
        },
        "balanced-match": {
          "version": "1.0.2",
          "bundled": true
        },
        "brace-expansion": {
          "version": "1.1.11",
          "bundled": true,
          "requires": {
            "balanced-match": "^1.0.0",
            "concat-map": "0.0.1"
          }
        },
        "concat-map": {
          "version": "0.0.1",
          "bundled": true
        },
        "fs-extra": {
          "version": "9.1.0",
          "bundled": true,
          "requires": {
            "at-least-node": "^1.0.0",
            "graceful-fs": "^4.2.0",
            "jsonfile": "^6.0.1",
            "universalify": "^2.0.0"
          }
        },
        "graceful-fs": {
          "version": "4.2.6",
          "bundled": true
        },
        "ignore": {
          "version": "5.1.8",
          "bundled": true
        },
        "jsonfile": {
          "version": "6.1.0",
          "bundled": true,
          "requires": {
            "graceful-fs": "^4.1.6",
            "universalify": "^2.0.0"
          }
        },
        "minimatch": {
          "version": "3.0.4",
          "bundled": true,
          "requires": {
            "brace-expansion": "^1.1.7"
          }
        },
        "universalify": {
          "version": "2.0.0",
          "bundled": true
        }
      }
    },
    "@aws-cdk/cx-api": {
      "version": "1.111.0",
      "resolved": "https://registry.npmjs.org/@aws-cdk/cx-api/-/cx-api-1.111.0.tgz",
      "integrity": "sha512-dGYu+3LapX3Gv4+68kOIQ2igIbAGCqNGcs5+8CFHqilBeRb31FyT5mU5yE3Hkp/+RW0Zy0T+MgCFcu0WXHgJBw==",
      "peer": true,
      "requires": {
        "semver": "^7.3.5"
      },
      "dependencies": {
        "lru-cache": {
          "version": "6.0.0",
          "bundled": true,
          "peer": true,
          "requires": {
            "yallist": "^4.0.0"
          }
        },
        "semver": {
          "version": "7.3.5",
          "bundled": true,
          "peer": true,
          "requires": {
            "lru-cache": "^6.0.0"
          }
        },
        "yallist": {
          "version": "4.0.0",
          "bundled": true,
          "peer": true
        }
      }
    },
    "@aws-cdk/region-info": {
      "version": "1.111.0",
      "resolved": "https://registry.npmjs.org/@aws-cdk/region-info/-/region-info-1.111.0.tgz",
      "integrity": "sha512-xUqNPkg5cEV/df1aSle2cc+yasgyOtFPMXw53PYMTArwfmHMsXb5Lna0lsFddMx4heO+be5XYUrWVijIiPHMIQ==",
      "peer": true
    },
    "@types/node": {
      "version": "16.0.1",
      "resolved": "https://registry.npmjs.org/@types/node/-/node-16.0.1.tgz",
      "integrity": "sha512-hBOx4SUlEPKwRi6PrXuTGw1z6lz0fjsibcWCM378YxsSu/6+C30L6CR49zIBKHiwNWCYIcOLjg4OHKZaFeLAug==",
      "dev": true
    },
    "@types/uuid": {
      "version": "8.3.1",
      "resolved": "https://registry.npmjs.org/@types/uuid/-/uuid-8.3.1.tgz",
      "integrity": "sha512-Y2mHTRAbqfFkpjldbkHGY8JIzRN6XqYRliG8/24FcHm2D2PwW24fl5xMRTVGdrb7iMrwCaIEbLWerGIkXuFWVg==",
      "dev": true
    },
    "constructs": {
      "version": "3.3.97",
      "resolved": "https://registry.npmjs.org/constructs/-/constructs-3.3.97.tgz",
      "integrity": "sha512-KDemmmUBgTDd2OKVOZkVEJM1LwP/bzm+cs2l/v1UYctIUl2X4LW+MrK7Ajd8blKkS5Vp6edkQSTSHUJnR/413w==",
      "peer": true
    },
    "typescript": {
      "version": "4.3.5",
      "resolved": "https://registry.npmjs.org/typescript/-/typescript-4.3.5.tgz",
      "integrity": "sha512-DqQgihaQ9cUrskJo9kIyW/+g0Vxsk8cDtZ52a3NGh0YNTfpUSArXSohyUGnvbPazEPLu398C0UxmKSOrPumUzA==",
      "dev": true
    },
    "uuid": {
      "version": "8.3.2",
      "resolved": "https://registry.npmjs.org/uuid/-/uuid-8.3.2.tgz",
      "integrity": "sha512-+NYs2QeMWy+GWFOEm9xnn6HCDp0l7QBD7ml8zLUmJ+93Q5NF0NocErnwkTkXVFNiX3/fpC6afS8Dhb/gz7R7eg=="
    }
  }
}
