{
  "name": "gg-accelerator-stream-manager",
  "version": "1.0.1",
  "lockfileVersion": 1,
  "requires": true,
  "dependencies": {
    "@aws-cdk/assets": {
      "version": "1.42.0",
      "resolved": "https://registry.npmjs.org/@aws-cdk/assets/-/assets-1.42.0.tgz",
      "integrity": "sha512-hKeON4f4J2CrIOMX9uzHI3tvNiWaCikZVon/+zQWAk5my4gVcZSApahHzSe5cKP4yqv0WW53dpBVKpHuOabBWw==",
      "requires": {
        "@aws-cdk/core": "1.42.0",
        "@aws-cdk/cx-api": "1.42.0",
        "constructs": "^3.0.2"
      }
    },
    "@aws-cdk/aws-cloudformation": {
      "version": "1.42.0",
      "resolved": "https://registry.npmjs.org/@aws-cdk/aws-cloudformation/-/aws-cloudformation-1.42.0.tgz",
      "integrity": "sha512-CpKSjT5PXEH52lMliF2OUlptlqa3P9edG71qLix4jjmjsiRe3O5JKOLiiVNf7pWef3Sugyg1dzdo9jD6Sh0AcQ==",
      "requires": {
        "@aws-cdk/aws-iam": "1.42.0",
        "@aws-cdk/aws-lambda": "1.42.0",
        "@aws-cdk/aws-s3": "1.42.0",
        "@aws-cdk/aws-sns": "1.42.0",
        "@aws-cdk/core": "1.42.0",
        "@aws-cdk/cx-api": "1.42.0",
        "constructs": "^3.0.2"
      }
    },
    "@aws-cdk/aws-cloudwatch": {
      "version": "1.42.0",
      "resolved": "https://registry.npmjs.org/@aws-cdk/aws-cloudwatch/-/aws-cloudwatch-1.42.0.tgz",
      "integrity": "sha512-i8YQExCRp9XldhzN2+XDc4vVXSCsGC6llz/gnE60MRxOx2SISN4Ln56ec86Rgi/rm8bv8+LN9WfSSqZJE04XBg==",
      "requires": {
        "@aws-cdk/aws-iam": "1.42.0",
        "@aws-cdk/core": "1.42.0",
        "constructs": "^3.0.2"
      }
    },
    "@aws-cdk/aws-ec2": {
      "version": "1.42.0",
      "resolved": "https://registry.npmjs.org/@aws-cdk/aws-ec2/-/aws-ec2-1.42.0.tgz",
      "integrity": "sha512-81jXjm7bC+RI0qnb+nHE5DQvcoh7kxMYWLGHT3hcxQAN/w7Hf5jpgEADVqkeAMah2YkpDoQJrvh5vwNF3+zmjQ==",
      "requires": {
        "@aws-cdk/aws-cloudwatch": "1.42.0",
        "@aws-cdk/aws-iam": "1.42.0",
        "@aws-cdk/aws-logs": "1.42.0",
        "@aws-cdk/aws-s3": "1.42.0",
        "@aws-cdk/aws-ssm": "1.42.0",
        "@aws-cdk/cloud-assembly-schema": "1.42.0",
        "@aws-cdk/core": "1.42.0",
        "@aws-cdk/cx-api": "1.42.0",
        "@aws-cdk/region-info": "1.42.0",
        "constructs": "^3.0.2"
      }
    },
    "@aws-cdk/aws-events": {
      "version": "1.42.0",
      "resolved": "https://registry.npmjs.org/@aws-cdk/aws-events/-/aws-events-1.42.0.tgz",
      "integrity": "sha512-iuh6xRRvH3PUtQVW7GfyMxtz+QYSR1hAF8fS6QgnhgtkCaxoEFSM7Pm6s8EKnqOK6Llpmq2OJm4xiJgt1NxQ1Q==",
      "requires": {
        "@aws-cdk/aws-iam": "1.42.0",
        "@aws-cdk/core": "1.42.0",
        "constructs": "^3.0.2"
      }
    },
    "@aws-cdk/aws-greengrass": {
      "version": "1.42.0",
      "resolved": "https://registry.npmjs.org/@aws-cdk/aws-greengrass/-/aws-greengrass-1.42.0.tgz",
      "integrity": "sha512-CbRw4APzN03x3JUP7A4C8q0RpOaB8H5YZWeRS6zER5ScXamB34wBUKWqYWTY+Wfvr7LcJp4KfBO/w8mdATFoug==",
      "requires": {
        "@aws-cdk/core": "1.42.0",
        "constructs": "^3.0.2"
      }
    },
    "@aws-cdk/aws-iam": {
      "version": "1.42.0",
      "resolved": "https://registry.npmjs.org/@aws-cdk/aws-iam/-/aws-iam-1.42.0.tgz",
      "integrity": "sha512-qNgD5UayjxMlwPT37cYplmOOMFiZgrzcyEm/cdIEChI0hrnLMEEWBD23TcE579p/8HaD72Jw9h0qAQCgmiY6JQ==",
      "requires": {
        "@aws-cdk/core": "1.42.0",
        "@aws-cdk/region-info": "1.42.0",
        "constructs": "^3.0.2"
      }
    },
    "@aws-cdk/aws-iotanalytics": {
      "version": "1.42.0",
      "resolved": "https://registry.npmjs.org/@aws-cdk/aws-iotanalytics/-/aws-iotanalytics-1.42.0.tgz",
      "integrity": "sha512-VaFJTPmeF65piBrGEM4QzNcUQrHMgRYvR/jR2Wn/2bX1Lj/y1JDzWuDnKL2vbFs9PmNOAk5TA072N5qs/ezGPA==",
      "requires": {
        "@aws-cdk/core": "1.42.0",
        "constructs": "^3.0.2"
      }
    },
    "@aws-cdk/aws-kinesis": {
      "version": "1.42.0",
      "resolved": "https://registry.npmjs.org/@aws-cdk/aws-kinesis/-/aws-kinesis-1.42.0.tgz",
      "integrity": "sha512-65Gstgksze2wj4QJfq4t4FPtgeOpbApPcevdiXA59vmu12pwzu8d16/C5V0exHvMQj2qPLuEd1OD/FKTZ6QDXQ==",
      "requires": {
        "@aws-cdk/aws-iam": "1.42.0",
        "@aws-cdk/aws-kms": "1.42.0",
        "@aws-cdk/aws-logs": "1.42.0",
        "@aws-cdk/core": "1.42.0",
        "constructs": "^3.0.2"
      }
    },
    "@aws-cdk/aws-kms": {
      "version": "1.42.0",
      "resolved": "https://registry.npmjs.org/@aws-cdk/aws-kms/-/aws-kms-1.42.0.tgz",
      "integrity": "sha512-SFPrmGwhR4k64pbKgGa54JhfkrAgauhdZ0ONwpIbq3bwu4bX5UIOawyLw0NAYutg/tDE287Ny/ed3HsWpoImfQ==",
      "requires": {
        "@aws-cdk/aws-iam": "1.42.0",
        "@aws-cdk/core": "1.42.0",
        "constructs": "^3.0.2"
      }
    },
    "@aws-cdk/aws-lambda": {
      "version": "1.42.0",
      "resolved": "https://registry.npmjs.org/@aws-cdk/aws-lambda/-/aws-lambda-1.42.0.tgz",
      "integrity": "sha512-bBwUYPkbU1TXv4hFEJ/DwoFNIFEh4c22xj500d5pgLhw7hbgx2aeoRheO8ACZoc4bk1/4Q8OXuTrUUZyIIGaNw==",
      "requires": {
        "@aws-cdk/aws-cloudwatch": "1.42.0",
        "@aws-cdk/aws-ec2": "1.42.0",
        "@aws-cdk/aws-events": "1.42.0",
        "@aws-cdk/aws-iam": "1.42.0",
        "@aws-cdk/aws-logs": "1.42.0",
        "@aws-cdk/aws-s3": "1.42.0",
        "@aws-cdk/aws-s3-assets": "1.42.0",
        "@aws-cdk/aws-sqs": "1.42.0",
        "@aws-cdk/core": "1.42.0",
        "@aws-cdk/cx-api": "1.42.0",
        "constructs": "^3.0.2"
      }
    },
    "@aws-cdk/aws-logs": {
      "version": "1.42.0",
      "resolved": "https://registry.npmjs.org/@aws-cdk/aws-logs/-/aws-logs-1.42.0.tgz",
      "integrity": "sha512-7j9q3FgEAuckcWhoJgYGKieBKOXOfvSoNCS300+tOtZDd33iKt0/Kp88c38BnudO0yK/d2e5DZvw4u6vByKzSQ==",
      "requires": {
        "@aws-cdk/aws-cloudwatch": "1.42.0",
        "@aws-cdk/aws-iam": "1.42.0",
        "@aws-cdk/core": "1.42.0",
        "constructs": "^3.0.2"
      }
    },
    "@aws-cdk/aws-s3": {
      "version": "1.42.0",
      "resolved": "https://registry.npmjs.org/@aws-cdk/aws-s3/-/aws-s3-1.42.0.tgz",
      "integrity": "sha512-bszXLLIfLTM7tHt2RhOjFy3rNui4PIcf6+bwlKrz+XBD7O0lj6bl2LhLHLTre0pwEim4BHKjYI9ivYuVz4fvlw==",
      "requires": {
        "@aws-cdk/aws-events": "1.42.0",
        "@aws-cdk/aws-iam": "1.42.0",
        "@aws-cdk/aws-kms": "1.42.0",
        "@aws-cdk/core": "1.42.0",
        "constructs": "^3.0.2"
      }
    },
    "@aws-cdk/aws-s3-assets": {
      "version": "1.42.0",
      "resolved": "https://registry.npmjs.org/@aws-cdk/aws-s3-assets/-/aws-s3-assets-1.42.0.tgz",
      "integrity": "sha512-nCYkdkPXkYOK9WAqbkOdvFpKsvuWWDQNIxN5yE5SdnPwVW6LgBESC5Zbonu1RQbBt2VambUpct82oXWinfIbcQ==",
      "requires": {
        "@aws-cdk/assets": "1.42.0",
        "@aws-cdk/aws-iam": "1.42.0",
        "@aws-cdk/aws-s3": "1.42.0",
        "@aws-cdk/core": "1.42.0",
        "@aws-cdk/cx-api": "1.42.0",
        "constructs": "^3.0.2"
      }
    },
    "@aws-cdk/aws-sns": {
      "version": "1.42.0",
      "resolved": "https://registry.npmjs.org/@aws-cdk/aws-sns/-/aws-sns-1.42.0.tgz",
      "integrity": "sha512-B1+wLNh348cFYiNBbpUBXwer92KitgRTmb9hmLbgbd6Z+fHJs5H1vvnpr99aH7dQq/hs9v9N+InCrEGfqLesLQ==",
      "requires": {
        "@aws-cdk/aws-cloudwatch": "1.42.0",
        "@aws-cdk/aws-events": "1.42.0",
        "@aws-cdk/aws-iam": "1.42.0",
        "@aws-cdk/aws-kms": "1.42.0",
        "@aws-cdk/aws-sqs": "1.42.0",
        "@aws-cdk/core": "1.42.0",
        "constructs": "^3.0.2"
      }
    },
    "@aws-cdk/aws-sqs": {
      "version": "1.42.0",
      "resolved": "https://registry.npmjs.org/@aws-cdk/aws-sqs/-/aws-sqs-1.42.0.tgz",
      "integrity": "sha512-GMOi8+zIqhdYmso4Xw1be43mp7MOYQHVfpmSm981hyPbiol2nZ8708qcGdTTHbQuF7hql4p8H5ZyIrEXcHRgAQ==",
      "requires": {
        "@aws-cdk/aws-cloudwatch": "1.42.0",
        "@aws-cdk/aws-iam": "1.42.0",
        "@aws-cdk/aws-kms": "1.42.0",
        "@aws-cdk/core": "1.42.0",
        "constructs": "^3.0.2"
      }
    },
    "@aws-cdk/aws-ssm": {
      "version": "1.42.0",
      "resolved": "https://registry.npmjs.org/@aws-cdk/aws-ssm/-/aws-ssm-1.42.0.tgz",
      "integrity": "sha512-UpJMgKKvJBEpgV7mUygiKwGMo68zs2bmDjSOnNCxIhypFGAAJDIfabw1mn32ESQwm0N+80Q/bnnx1rxnXVfAeA==",
      "requires": {
        "@aws-cdk/aws-iam": "1.42.0",
        "@aws-cdk/aws-kms": "1.42.0",
        "@aws-cdk/cloud-assembly-schema": "1.42.0",
        "@aws-cdk/core": "1.42.0",
        "constructs": "^3.0.2"
      }
    },
    "@aws-cdk/cdk-assets-schema": {
      "version": "1.42.0",
      "resolved": "https://registry.npmjs.org/@aws-cdk/cdk-assets-schema/-/cdk-assets-schema-1.42.0.tgz",
      "integrity": "sha512-dKBKLKN1Z0HSe0lO1OOdr3m9WGYRNs+PJ0WrcFMlEHsgei+4VSvIhLozJwQFcEJd8BYTPEgAofM7mcXyJjKf/A==",
      "requires": {
        "semver": "^7.2.2"
      },
      "dependencies": {
        "semver": {
          "version": "7.3.2",
          "bundled": true
        }
      }
    },
    "@aws-cdk/cloud-assembly-schema": {
      "version": "1.42.0",
      "resolved": "https://registry.npmjs.org/@aws-cdk/cloud-assembly-schema/-/cloud-assembly-schema-1.42.0.tgz",
      "integrity": "sha512-2HX1dAvNc9eUSwJ1uXZofH5ulwPj6LeeX3vJ6plwuHBDIgmp9o3Ziaavfpk6gn2AFoiIpDdotNbKQkmKw7dDPA==",
      "requires": {
        "jsonschema": "^1.2.5",
        "semver": "^7.2.2"
      },
      "dependencies": {
        "jsonschema": {
          "version": "1.2.6",
          "bundled": true
        },
        "semver": {
          "version": "7.3.2",
          "bundled": true
        }
      }
    },
    "@aws-cdk/core": {
      "version": "1.42.0",
      "resolved": "https://registry.npmjs.org/@aws-cdk/core/-/core-1.42.0.tgz",
      "integrity": "sha512-UJxkMLyGWRuIoyUvbU18QhUIS0HpxdGEkj0zYEQ0W4IHQz2a/SpZyvkpo/D/brderj22cViAq7ap8CZBBLSzqg==",
      "requires": {
        "@aws-cdk/cdk-assets-schema": "1.42.0",
        "@aws-cdk/cloud-assembly-schema": "1.42.0",
        "@aws-cdk/cx-api": "1.42.0",
        "constructs": "^3.0.2",
        "minimatch": "^3.0.4"
      },
      "dependencies": {
        "balanced-match": {
          "version": "1.0.0",
          "bundled": true
        },
        "brace-expansion": {
          "version": "1.1.11",
          "bundled": true,
          "requires": {
            "balanced-match": "^1.0.0",
            "concat-map": "0.0.1"
          }
        },
        "concat-map": {
          "version": "0.0.1",
          "bundled": true
        },
        "minimatch": {
          "version": "3.0.4",
          "bundled": true,
          "requires": {
            "brace-expansion": "^1.1.7"
          }
        }
      }
    },
    "@aws-cdk/cx-api": {
      "version": "1.42.0",
      "resolved": "https://registry.npmjs.org/@aws-cdk/cx-api/-/cx-api-1.42.0.tgz",
      "integrity": "sha512-yOa/AXhWuF1nXSxho8PrWfFOAUEr9qSZ2n+8hggZDDbUq8f5P1mhUARY7cNOVxW8GCtNfUmG1Wbo2NrNYtM8qw==",
      "requires": {
        "@aws-cdk/cloud-assembly-schema": "1.42.0",
        "semver": "^7.2.2"
      },
      "dependencies": {
        "semver": {
          "version": "7.3.2",
          "bundled": true
        }
      }
    },
    "@aws-cdk/region-info": {
      "version": "1.42.0",
      "resolved": "https://registry.npmjs.org/@aws-cdk/region-info/-/region-info-1.42.0.tgz",
      "integrity": "sha512-IFeIZY9s+1phWsAzUA7FLSEFIQ2Yoxw93wPMBzUfULKXImp9KM0FM4qwPamXxNmRpY/9+ZXBTlsYq9U29bmOig=="
    },
    "@types/node": {
      "version": "13.13.9",
      "resolved": "https://registry.npmjs.org/@types/node/-/node-13.13.9.tgz",
      "integrity": "sha512-EPZBIGed5gNnfWCiwEIwTE2Jdg4813odnG8iNPMQGrqVxrI+wL68SPtPeCX+ZxGBaA6pKAVc6jaKgP/Q0QzfdQ==",
      "dev": true
    },
    "@types/uuid": {
      "version": "3.4.9",
      "resolved": "https://registry.npmjs.org/@types/uuid/-/uuid-3.4.9.tgz",
      "integrity": "sha512-XDwyIlt/47l2kWLTzw/mtrpLdB+GPSskR2n/PIcPn+VYhVO77rGhRncIR5GPU0KRzXuqkDO+J5qqrG0Y8P6jzQ==",
      "dev": true
    },
    "constructs": {
      "version": "3.0.3",
      "resolved": "https://registry.npmjs.org/constructs/-/constructs-3.0.3.tgz",
      "integrity": "sha512-JrYLpTlz92Un1jxkwoGiOiGoDjzIWtxo64sLC5FD4mQN1H9mAqZNvgxWYWaJIiWUXNkl5L5sO3GFf6peTj7UMQ=="
    },
    "typescript": {
      "version": "3.7.5",
      "resolved": "https://registry.npmjs.org/typescript/-/typescript-3.7.5.tgz",
      "integrity": "sha512-/P5lkRXkWHNAbcJIiHPfRoKqyd7bsyCma1hZNUGfn20qm64T6ZBlrzprymeu918H+mB/0rIg2gGK/BXkhhYgBw==",
      "dev": true
    },
    "uuid": {
      "version": "3.4.0",
      "resolved": "https://registry.npmjs.org/uuid/-/uuid-3.4.0.tgz",
      "integrity": "sha512-HjSDRw6gZE5JMggctHBcjVak08+KEVhSIiDzFnT9S9aegmp85S/bReBVTb4QTFaRNptJ9kuYaNhnbNEOkbKb/A=="
    }
  }
}
