{
  "name": "gg-accelerator-stream-manager",
  "version": "1.0.1",
  "lockfileVersion": 1,
  "requires": true,
  "dependencies": {
    "@aws-cdk/assets": {
      "version": "1.50.0",
      "resolved": "https://registry.npmjs.org/@aws-cdk/assets/-/assets-1.50.0.tgz",
      "integrity": "sha512-rx3XvgopxBP4vasZrczRtrJ/YutqiRP+Njla8iVn/ub4nRoB7ypf2aZdzqtn2rfHkzK/9Rais67YdYPCzzTbJA==",
      "requires": {
        "@aws-cdk/core": "1.50.0",
        "@aws-cdk/cx-api": "1.50.0",
        "constructs": "^3.0.2"
      }
    },
    "@aws-cdk/aws-cloudformation": {
      "version": "1.50.0",
      "resolved": "https://registry.npmjs.org/@aws-cdk/aws-cloudformation/-/aws-cloudformation-1.50.0.tgz",
      "integrity": "sha512-vnIhshSxRCjk+gxfUbQIeT1rMQW9E88HCAPSNKpOAgdw5OeckzbHphJyCfuPx90wUmEZeINRKDWsG2PsNPP1gA==",
      "requires": {
        "@aws-cdk/aws-iam": "1.50.0",
        "@aws-cdk/aws-lambda": "1.50.0",
        "@aws-cdk/aws-s3": "1.50.0",
        "@aws-cdk/aws-sns": "1.50.0",
        "@aws-cdk/core": "1.50.0",
        "@aws-cdk/cx-api": "1.50.0",
        "constructs": "^3.0.2"
      }
    },
    "@aws-cdk/aws-cloudwatch": {
      "version": "1.50.0",
      "resolved": "https://registry.npmjs.org/@aws-cdk/aws-cloudwatch/-/aws-cloudwatch-1.50.0.tgz",
      "integrity": "sha512-iT3ZvTPrGkH8VTnwDaH65yyl/ypETzRYSPb9l400e8ywsPU2YonrbgoURWA/QtX61bQiSEt0K1kpyTn1rLIXXA==",
      "requires": {
        "@aws-cdk/aws-iam": "1.50.0",
        "@aws-cdk/core": "1.50.0",
        "constructs": "^3.0.2"
      }
    },
    "@aws-cdk/aws-ec2": {
      "version": "1.50.0",
      "resolved": "https://registry.npmjs.org/@aws-cdk/aws-ec2/-/aws-ec2-1.50.0.tgz",
      "integrity": "sha512-QTcyOvrQTg+ekNeYXEkmv1Q1FBoQmpC9YxLULNqpvfqRADvLRynqk0z6jm4RbOPG8NIGE7yUohMnHeZxHC0QFA==",
      "requires": {
        "@aws-cdk/aws-cloudwatch": "1.50.0",
        "@aws-cdk/aws-iam": "1.50.0",
        "@aws-cdk/aws-kms": "1.50.0",
        "@aws-cdk/aws-logs": "1.50.0",
        "@aws-cdk/aws-s3": "1.50.0",
        "@aws-cdk/aws-ssm": "1.50.0",
        "@aws-cdk/cloud-assembly-schema": "1.50.0",
        "@aws-cdk/core": "1.50.0",
        "@aws-cdk/cx-api": "1.50.0",
        "@aws-cdk/region-info": "1.50.0",
        "constructs": "^3.0.2"
      }
    },
    "@aws-cdk/aws-efs": {
      "version": "1.50.0",
      "resolved": "https://registry.npmjs.org/@aws-cdk/aws-efs/-/aws-efs-1.50.0.tgz",
      "integrity": "sha512-2JyBqPVP8hnJX2TVaN3STC7YIsC/7GgBTV4cXlH0e39NKm6CM9KI0/olv9yulSXknS85lh+0Mwt1KtMV7WCTAA==",
      "requires": {
        "@aws-cdk/aws-ec2": "1.50.0",
        "@aws-cdk/aws-kms": "1.50.0",
        "@aws-cdk/cloud-assembly-schema": "1.50.0",
        "@aws-cdk/core": "1.50.0",
        "@aws-cdk/cx-api": "1.50.0",
        "constructs": "^3.0.2"
      }
    },
    "@aws-cdk/aws-events": {
      "version": "1.50.0",
      "resolved": "https://registry.npmjs.org/@aws-cdk/aws-events/-/aws-events-1.50.0.tgz",
      "integrity": "sha512-ppKxkbu5QmyMLhd1irAJccJ8vI4WwS0hzvR/Cxvpw2sE95T/kgUHlcsyG02eMnoqV1RbNKeLEBWu9bKHwUXwUw==",
      "requires": {
        "@aws-cdk/aws-iam": "1.50.0",
        "@aws-cdk/core": "1.50.0",
        "constructs": "^3.0.2"
      }
    },
    "@aws-cdk/aws-greengrass": {
      "version": "1.50.0",
      "resolved": "https://registry.npmjs.org/@aws-cdk/aws-greengrass/-/aws-greengrass-1.50.0.tgz",
      "integrity": "sha512-QLFPutqda9diQwLFi5dkBa7DPqX/ptuva4GOWKMfQdlGZB23ZuIxJ1+kjoDg0HxlsFuY+FX4AfPkaqO4ZJ6IEw==",
      "requires": {
        "@aws-cdk/core": "1.50.0",
        "constructs": "^3.0.2"
      }
    },
    "@aws-cdk/aws-iam": {
      "version": "1.50.0",
      "resolved": "https://registry.npmjs.org/@aws-cdk/aws-iam/-/aws-iam-1.50.0.tgz",
      "integrity": "sha512-pHVjYzEVnrZaUNluCr//ebhwIjSK0InGOTtfOPJADDB56kw7ZYwsStzlhYhsUF25/EFV4yuhb3viwAB7XlDBpg==",
      "requires": {
        "@aws-cdk/core": "1.50.0",
        "@aws-cdk/region-info": "1.50.0",
        "constructs": "^3.0.2"
      }
    },
    "@aws-cdk/aws-iotanalytics": {
      "version": "1.50.0",
      "resolved": "https://registry.npmjs.org/@aws-cdk/aws-iotanalytics/-/aws-iotanalytics-1.50.0.tgz",
      "integrity": "sha512-ppjd8KOvOsrnCDFXZxRBe836CwG2ntAvP0miy2ygDHueilzKvkTrL/BrDPamfbkNeeNh0p0K75aUgySnOunb3w==",
      "requires": {
        "@aws-cdk/core": "1.50.0",
        "constructs": "^3.0.2"
      }
    },
    "@aws-cdk/aws-kinesis": {
      "version": "1.50.0",
      "resolved": "https://registry.npmjs.org/@aws-cdk/aws-kinesis/-/aws-kinesis-1.50.0.tgz",
      "integrity": "sha512-f0f0SWP0A8nJaYRU+VxU5wevCvfKi0c4WcffJgwyHP2hlGyeHF1MeZOKFd2AuVCt/PbvRECk8zvTwxyT5ohIAg==",
      "requires": {
        "@aws-cdk/aws-iam": "1.50.0",
        "@aws-cdk/aws-kms": "1.50.0",
        "@aws-cdk/aws-logs": "1.50.0",
        "@aws-cdk/core": "1.50.0",
        "constructs": "^3.0.2"
      }
    },
    "@aws-cdk/aws-kms": {
      "version": "1.50.0",
      "resolved": "https://registry.npmjs.org/@aws-cdk/aws-kms/-/aws-kms-1.50.0.tgz",
      "integrity": "sha512-lKdlfybgRtyocT2+sFsVSYqbnmDqi2/9drJiGqI0114887W3R8D+bKKpg5bR0jtiB5tUoC9ymx2cFAjBVyfNtQ==",
      "requires": {
        "@aws-cdk/aws-iam": "1.50.0",
        "@aws-cdk/core": "1.50.0",
        "constructs": "^3.0.2"
      }
    },
    "@aws-cdk/aws-lambda": {
      "version": "1.50.0",
      "resolved": "https://registry.npmjs.org/@aws-cdk/aws-lambda/-/aws-lambda-1.50.0.tgz",
      "integrity": "sha512-l4j+Qrh9L0SdV5InAhNtPnSWROQVxm+igpNJi03vHchLvY/gDiHvwrt1e/XYyegLTy2sFJceNf5cVc3QDkSMHQ==",
      "requires": {
        "@aws-cdk/aws-cloudwatch": "1.50.0",
        "@aws-cdk/aws-ec2": "1.50.0",
        "@aws-cdk/aws-efs": "1.50.0",
        "@aws-cdk/aws-events": "1.50.0",
        "@aws-cdk/aws-iam": "1.50.0",
        "@aws-cdk/aws-logs": "1.50.0",
        "@aws-cdk/aws-s3": "1.50.0",
        "@aws-cdk/aws-s3-assets": "1.50.0",
        "@aws-cdk/aws-sqs": "1.50.0",
        "@aws-cdk/core": "1.50.0",
        "@aws-cdk/cx-api": "1.50.0",
        "constructs": "^3.0.2"
      }
    },
    "@aws-cdk/aws-logs": {
      "version": "1.50.0",
      "resolved": "https://registry.npmjs.org/@aws-cdk/aws-logs/-/aws-logs-1.50.0.tgz",
      "integrity": "sha512-3XFQ7R1+592yKxfAx4u8Be70lWwwo2MVKgTj0mcL+T5oz24KRmhXrqeLJNOWdjwQQ+K0myyzZV6E0yphtshUMw==",
      "requires": {
        "@aws-cdk/aws-cloudwatch": "1.50.0",
        "@aws-cdk/aws-iam": "1.50.0",
        "@aws-cdk/core": "1.50.0",
        "constructs": "^3.0.2"
      }
    },
    "@aws-cdk/aws-s3": {
      "version": "1.50.0",
      "resolved": "https://registry.npmjs.org/@aws-cdk/aws-s3/-/aws-s3-1.50.0.tgz",
      "integrity": "sha512-r6zIzZCXv0s7mI4lq6QNBqyfXNE5rw6Co53X/AEZ2CpAifNuGtmMbcbrsR1Vm0zWN7mweSd5ge1Xj96rAZ1RiQ==",
      "requires": {
        "@aws-cdk/aws-events": "1.50.0",
        "@aws-cdk/aws-iam": "1.50.0",
        "@aws-cdk/aws-kms": "1.50.0",
        "@aws-cdk/core": "1.50.0",
        "constructs": "^3.0.2"
      }
    },
    "@aws-cdk/aws-s3-assets": {
      "version": "1.50.0",
      "resolved": "https://registry.npmjs.org/@aws-cdk/aws-s3-assets/-/aws-s3-assets-1.50.0.tgz",
      "integrity": "sha512-OfBz2xDBuhkzrJrr5JFZCVGu19veO6UgeCJBchq7svmbWRlWiRmg2lZJ3yu8jfvGkxvg8AoR5HkqISAJfs4prA==",
      "requires": {
        "@aws-cdk/assets": "1.50.0",
        "@aws-cdk/aws-iam": "1.50.0",
        "@aws-cdk/aws-kms": "1.50.0",
        "@aws-cdk/aws-s3": "1.50.0",
        "@aws-cdk/core": "1.50.0",
        "@aws-cdk/cx-api": "1.50.0",
        "constructs": "^3.0.2"
      }
    },
    "@aws-cdk/aws-sns": {
      "version": "1.50.0",
      "resolved": "https://registry.npmjs.org/@aws-cdk/aws-sns/-/aws-sns-1.50.0.tgz",
      "integrity": "sha512-HDSl40MUJ94JDdDtlQlh/q7ZebeO3YVQHPJOqt8c7zmfvUuzq/id3F4oVFNLOlaRLhSN0gt9iJE8tKqvTz9D/g==",
      "requires": {
        "@aws-cdk/aws-cloudwatch": "1.50.0",
        "@aws-cdk/aws-events": "1.50.0",
        "@aws-cdk/aws-iam": "1.50.0",
        "@aws-cdk/aws-kms": "1.50.0",
        "@aws-cdk/aws-sqs": "1.50.0",
        "@aws-cdk/core": "1.50.0",
        "constructs": "^3.0.2"
      }
    },
    "@aws-cdk/aws-sqs": {
      "version": "1.50.0",
      "resolved": "https://registry.npmjs.org/@aws-cdk/aws-sqs/-/aws-sqs-1.50.0.tgz",
      "integrity": "sha512-EIDrkoFRcOL3FXKJodpVkBrE5pKrJP7jsOZjMd0SvyRTnJH0MGS/JSJTh/0AAdU3v1F/FCa48wYKYruuveOv6A==",
      "requires": {
        "@aws-cdk/aws-cloudwatch": "1.50.0",
        "@aws-cdk/aws-iam": "1.50.0",
        "@aws-cdk/aws-kms": "1.50.0",
        "@aws-cdk/core": "1.50.0",
        "constructs": "^3.0.2"
      }
    },
    "@aws-cdk/aws-ssm": {
      "version": "1.50.0",
      "resolved": "https://registry.npmjs.org/@aws-cdk/aws-ssm/-/aws-ssm-1.50.0.tgz",
      "integrity": "sha512-AfVz1aKA4dA4pB3Kysuqmc+/TrGG0RngwVytztGFQP5dvlcL6Ysr+mOjnjJjXAvjPr5EIHfp3Hx9FgLmrZ+8Gw==",
      "requires": {
        "@aws-cdk/aws-iam": "1.50.0",
        "@aws-cdk/aws-kms": "1.50.0",
        "@aws-cdk/cloud-assembly-schema": "1.50.0",
        "@aws-cdk/core": "1.50.0",
        "constructs": "^3.0.2"
      }
    },
    "@aws-cdk/cloud-assembly-schema": {
      "version": "1.50.0",
      "resolved": "https://registry.npmjs.org/@aws-cdk/cloud-assembly-schema/-/cloud-assembly-schema-1.50.0.tgz",
      "integrity": "sha512-69WYKm7XQwSJTHyS+Cr2LlkW5VmxwaHi2g8GNor5WCvg8yRKDNxoTZaHnsEMoCh1HAncsxQYGB1vL60yLFs6QA==",
      "requires": {
        "jsonschema": "^1.2.5",
        "semver": "^7.2.2"
      },
      "dependencies": {
        "jsonschema": {
          "version": "1.2.6",
          "bundled": true
        },
        "semver": {
          "version": "7.3.2",
          "bundled": true
        }
      }
    },
    "@aws-cdk/core": {
      "version": "1.50.0",
      "resolved": "https://registry.npmjs.org/@aws-cdk/core/-/core-1.50.0.tgz",
      "integrity": "sha512-zge85xzVlX3Y0Vn2vKC8LAYxJe7CYLNGcHijxfjFgqbYTrnnuLRLzDm6Ke/5JUBprLT8K95ZRHXYhFFx8lCI7Q==",
      "requires": {
        "@aws-cdk/cloud-assembly-schema": "1.50.0",
        "@aws-cdk/cx-api": "1.50.0",
        "constructs": "^3.0.2",
        "fs-extra": "^9.0.1",
        "minimatch": "^3.0.4"
      },
      "dependencies": {
        "at-least-node": {
          "version": "1.0.0",
          "bundled": true
        },
        "balanced-match": {
          "version": "1.0.0",
          "bundled": true
        },
        "brace-expansion": {
          "version": "1.1.11",
          "bundled": true,
          "requires": {
            "balanced-match": "^1.0.0",
            "concat-map": "0.0.1"
          }
        },
        "concat-map": {
          "version": "0.0.1",
          "bundled": true
        },
        "fs-extra": {
          "version": "9.0.1",
          "bundled": true,
          "requires": {
            "at-least-node": "^1.0.0",
            "graceful-fs": "^4.2.0",
            "jsonfile": "^6.0.1",
            "universalify": "^1.0.0"
          }
        },
        "graceful-fs": {
          "version": "4.2.3",
          "bundled": true
        },
        "jsonfile": {
          "version": "6.0.1",
          "bundled": true,
          "requires": {
            "graceful-fs": "^4.1.6",
            "universalify": "^1.0.0"
          }
        },
        "minimatch": {
          "version": "3.0.4",
          "bundled": true,
          "requires": {
            "brace-expansion": "^1.1.7"
          }
        },
        "universalify": {
          "version": "1.0.0",
          "bundled": true
        }
      }
    },
    "@aws-cdk/cx-api": {
      "version": "1.50.0",
      "resolved": "https://registry.npmjs.org/@aws-cdk/cx-api/-/cx-api-1.50.0.tgz",
      "integrity": "sha512-XsHbMqSTnri3rqhDuowDfYIQbKe/CU/bRkztt5ERKH38DXK62v3O9ZXflaiDtOQxCt+Sz/zOcpMIOcCfgVc1Tw==",
      "requires": {
        "@aws-cdk/cloud-assembly-schema": "1.50.0",
        "semver": "^7.2.2"
      },
      "dependencies": {
        "semver": {
          "version": "7.3.2",
          "bundled": true
        }
      }
    },
    "@aws-cdk/region-info": {
      "version": "1.50.0",
      "resolved": "https://registry.npmjs.org/@aws-cdk/region-info/-/region-info-1.50.0.tgz",
      "integrity": "sha512-ze4kwJ39H/bOHSJ7o7qZVqMAWG1rmO3K3fEVrZHg6AydC6B7g1mUfb38eZ4FM8i8q5DLSzCf3OXeTVYwTnJSYQ=="
    },
    "@types/node": {
      "version": "13.13.9",
      "resolved": "https://registry.npmjs.org/@types/node/-/node-13.13.9.tgz",
      "integrity": "sha512-EPZBIGed5gNnfWCiwEIwTE2Jdg4813odnG8iNPMQGrqVxrI+wL68SPtPeCX+ZxGBaA6pKAVc6jaKgP/Q0QzfdQ==",
      "dev": true
    },
    "@types/uuid": {
      "version": "3.4.9",
      "resolved": "https://registry.npmjs.org/@types/uuid/-/uuid-3.4.9.tgz",
      "integrity": "sha512-XDwyIlt/47l2kWLTzw/mtrpLdB+GPSskR2n/PIcPn+VYhVO77rGhRncIR5GPU0KRzXuqkDO+J5qqrG0Y8P6jzQ==",
      "dev": true
    },
    "constructs": {
      "version": "3.0.4",
      "resolved": "https://registry.npmjs.org/constructs/-/constructs-3.0.4.tgz",
      "integrity": "sha512-CDvg7gMjphE3DFX4pzkF6j73NREbR8npPFW8Mx/CLRnMR035+Y1o1HrXIsNSss/dq3ZUnNTU9jKyd3fL9EOlfw=="
    },
    "typescript": {
      "version": "3.7.5",
      "resolved": "https://registry.npmjs.org/typescript/-/typescript-3.7.5.tgz",
      "integrity": "sha512-/P5lkRXkWHNAbcJIiHPfRoKqyd7bsyCma1hZNUGfn20qm64T6ZBlrzprymeu918H+mB/0rIg2gGK/BXkhhYgBw==",
      "dev": true
    },
    "uuid": {
      "version": "3.4.0",
      "resolved": "https://registry.npmjs.org/uuid/-/uuid-3.4.0.tgz",
      "integrity": "sha512-HjSDRw6gZE5JMggctHBcjVak08+KEVhSIiDzFnT9S9aegmp85S/bReBVTb4QTFaRNptJ9kuYaNhnbNEOkbKb/A=="
    }
  }
}
