{
  "name": "gg-accelerator-stream-manager",
  "version": "1.0.1",
  "lockfileVersion": 2,
  "requires": true,
  "packages": {
    "": {
      "name": "gg-accelerator-stream-manager",
      "version": "1.0.1",
      "license": "Apache-2.0",
      "dependencies": {
        "@aws-cdk/aws-cloudformation": "^1.187.0",
        "@aws-cdk/aws-greengrass": "^1.187.0",
        "@aws-cdk/aws-iotanalytics": "^1.187.0",
        "@aws-cdk/aws-kinesis": "^1.187.0",
        "@aws-cdk/aws-lambda": "^1.187.0",
        "@aws-cdk/core": "^1.187.0",
        "uuid": "^8.3.2"
      },
      "devDependencies": {
        "@types/node": "^16.11.12",
        "@types/uuid": "^8.3.3",
        "typescript": "~4.5.4"
      }
    },
    "node_modules/@aws-cdk/assets": {
      "version": "1.187.0",
      "resolved": "https://registry.npmjs.org/@aws-cdk/assets/-/assets-1.187.0.tgz",
      "integrity": "sha512-I2fqEKGQSH2cl9qkI346axghgoujn+jWpVjsxTvWmTLbx5OVsXyHzusNc3AJVJnDk9dVBmbBsJp5L39jJ08AbQ==",
      "dependencies": {
        "@aws-cdk/core": "1.187.0",
        "@aws-cdk/cx-api": "1.187.0",
        "constructs": "^3.3.69"
      },
      "engines": {
        "node": ">= 14.15.0"
      },
      "peerDependencies": {
        "@aws-cdk/core": "1.187.0",
        "@aws-cdk/cx-api": "1.187.0",
        "constructs": "^3.3.69"
      }
    },
    "node_modules/@aws-cdk/aws-applicationautoscaling": {
      "version": "1.187.0",
      "resolved": "https://registry.npmjs.org/@aws-cdk/aws-applicationautoscaling/-/aws-applicationautoscaling-1.187.0.tgz",
      "integrity": "sha512-c15Mqd69LHX7+f0QII5KbS1OMvEjKatL9Zy/Ps+VRA0ofZu+2JjPflQ7invN5xrVgly+ie8VSEAr4KH617MuLg==",
      "dependencies": {
        "@aws-cdk/aws-autoscaling-common": "1.187.0",
        "@aws-cdk/aws-cloudwatch": "1.187.0",
        "@aws-cdk/aws-iam": "1.187.0",
        "@aws-cdk/core": "1.187.0",
        "constructs": "^3.3.69"
      },
      "engines": {
        "node": ">= 14.15.0"
      },
      "peerDependencies": {
        "@aws-cdk/aws-autoscaling-common": "1.187.0",
        "@aws-cdk/aws-cloudwatch": "1.187.0",
        "@aws-cdk/aws-iam": "1.187.0",
        "@aws-cdk/core": "1.187.0",
        "constructs": "^3.3.69"
      }
    },
    "node_modules/@aws-cdk/aws-autoscaling-common": {
      "version": "1.187.0",
      "resolved": "https://registry.npmjs.org/@aws-cdk/aws-autoscaling-common/-/aws-autoscaling-common-1.187.0.tgz",
      "integrity": "sha512-61m/cwMCtM5a3gKfzLlpdFLz5xSv0KqInytaU8PYkoIiiWWFhwE94bV+Xay8LjRXx1CTwzqthzMp0xGFMZNsFA==",
      "dependencies": {
        "@aws-cdk/aws-iam": "1.187.0",
        "@aws-cdk/core": "1.187.0",
        "constructs": "^3.3.69"
      },
      "engines": {
        "node": ">= 14.15.0"
      },
      "peerDependencies": {
        "@aws-cdk/aws-iam": "1.187.0",
        "@aws-cdk/core": "1.187.0",
        "constructs": "^3.3.69"
      }
    },
    "node_modules/@aws-cdk/aws-cloudformation": {
      "version": "1.187.0",
      "resolved": "https://registry.npmjs.org/@aws-cdk/aws-cloudformation/-/aws-cloudformation-1.187.0.tgz",
      "integrity": "sha512-IofdfGPkrimaVWgz6LAGMzKV5vkwlTE3ObOmYGs6q/uvl0uiJU0h8efKo1tXXJ92WcQzFaMDpl1I/ykV6pTAuw==",
      "dependencies": {
        "@aws-cdk/aws-iam": "1.187.0",
        "@aws-cdk/aws-lambda": "1.187.0",
        "@aws-cdk/aws-s3": "1.187.0",
        "@aws-cdk/aws-sns": "1.187.0",
        "@aws-cdk/core": "1.187.0",
        "@aws-cdk/cx-api": "1.187.0",
        "constructs": "^3.3.69"
      },
      "engines": {
        "node": ">= 14.15.0"
      },
      "peerDependencies": {
        "@aws-cdk/aws-iam": "1.187.0",
        "@aws-cdk/aws-lambda": "1.187.0",
        "@aws-cdk/aws-s3": "1.187.0",
        "@aws-cdk/aws-sns": "1.187.0",
        "@aws-cdk/core": "1.187.0",
        "@aws-cdk/cx-api": "1.187.0",
        "constructs": "^3.3.69"
      }
    },
    "node_modules/@aws-cdk/aws-cloudwatch": {
      "version": "1.187.0",
      "resolved": "https://registry.npmjs.org/@aws-cdk/aws-cloudwatch/-/aws-cloudwatch-1.187.0.tgz",
      "integrity": "sha512-pPBF25K2qBfxnVd740kSFayWWOi1zhdHgua54VOA6UwRmtEO2KoVPGjWv4s69eL7ubkfeQrgVwTwxLzxHkctlQ==",
      "dependencies": {
        "@aws-cdk/aws-iam": "1.187.0",
        "@aws-cdk/core": "1.187.0",
        "constructs": "^3.3.69"
      },
      "engines": {
        "node": ">= 14.15.0"
      },
      "peerDependencies": {
        "@aws-cdk/aws-iam": "1.187.0",
        "@aws-cdk/core": "1.187.0",
        "constructs": "^3.3.69"
      }
    },
    "node_modules/@aws-cdk/aws-codeguruprofiler": {
      "version": "1.187.0",
      "resolved": "https://registry.npmjs.org/@aws-cdk/aws-codeguruprofiler/-/aws-codeguruprofiler-1.187.0.tgz",
      "integrity": "sha512-vYUYwmKPs70tnwvpcJ0yq7r1XAzT/iu97kcuf6ENtQw7nBHzpzKkGcXzgfiAJZ6t9IxtnkXeBp1GsSqdp4RrEQ==",
      "dependencies": {
        "@aws-cdk/aws-iam": "1.187.0",
        "@aws-cdk/core": "1.187.0",
        "constructs": "^3.3.69"
      },
      "engines": {
        "node": ">= 14.15.0"
      },
      "peerDependencies": {
        "@aws-cdk/aws-iam": "1.187.0",
        "@aws-cdk/core": "1.187.0",
        "constructs": "^3.3.69"
      }
    },
    "node_modules/@aws-cdk/aws-codestarnotifications": {
      "version": "1.187.0",
      "resolved": "https://registry.npmjs.org/@aws-cdk/aws-codestarnotifications/-/aws-codestarnotifications-1.187.0.tgz",
      "integrity": "sha512-IQoX0XdC/3+MjUaH81g+2tf30HZcCc8I4w+aRak8WW8J4JFtgdMvmadTUWcEj/VFcWnU43/sxlFt4LZBHlyzYg==",
      "dependencies": {
        "@aws-cdk/core": "1.187.0",
        "constructs": "^3.3.69"
      },
      "engines": {
        "node": ">= 14.15.0"
      },
      "peerDependencies": {
        "@aws-cdk/core": "1.187.0",
        "constructs": "^3.3.69"
      }
    },
    "node_modules/@aws-cdk/aws-ec2": {
      "version": "1.187.0",
      "resolved": "https://registry.npmjs.org/@aws-cdk/aws-ec2/-/aws-ec2-1.187.0.tgz",
      "integrity": "sha512-Bc+8RIosg5CiF+Xj9bDKWW42Nay4lLo02xloE/oDfEg1Ufu600bVRYEPPOyBEB2JE/lQeLqHGmS5Xr1vwLQ46Q==",
      "dependencies": {
        "@aws-cdk/aws-cloudwatch": "1.187.0",
        "@aws-cdk/aws-iam": "1.187.0",
        "@aws-cdk/aws-kms": "1.187.0",
        "@aws-cdk/aws-logs": "1.187.0",
        "@aws-cdk/aws-s3": "1.187.0",
        "@aws-cdk/aws-s3-assets": "1.187.0",
        "@aws-cdk/aws-ssm": "1.187.0",
        "@aws-cdk/cloud-assembly-schema": "1.187.0",
        "@aws-cdk/core": "1.187.0",
        "@aws-cdk/cx-api": "1.187.0",
        "@aws-cdk/region-info": "1.187.0",
        "constructs": "^3.3.69"
      },
      "engines": {
        "node": ">= 14.15.0"
      },
      "peerDependencies": {
        "@aws-cdk/aws-cloudwatch": "1.187.0",
        "@aws-cdk/aws-iam": "1.187.0",
        "@aws-cdk/aws-kms": "1.187.0",
        "@aws-cdk/aws-logs": "1.187.0",
        "@aws-cdk/aws-s3": "1.187.0",
        "@aws-cdk/aws-s3-assets": "1.187.0",
        "@aws-cdk/aws-ssm": "1.187.0",
        "@aws-cdk/cloud-assembly-schema": "1.187.0",
        "@aws-cdk/core": "1.187.0",
        "@aws-cdk/cx-api": "1.187.0",
        "@aws-cdk/region-info": "1.187.0",
        "constructs": "^3.3.69"
      }
    },
    "node_modules/@aws-cdk/aws-ecr": {
      "version": "1.187.0",
      "resolved": "https://registry.npmjs.org/@aws-cdk/aws-ecr/-/aws-ecr-1.187.0.tgz",
      "integrity": "sha512-W7zKjZpPCG0znBBhzJBuVGW31it9RysAGuIEPg+9oADMoKyrQh/M9C6OupQRf4rpeiLez/gZul6sirmwhR0Sjw==",
      "dependencies": {
        "@aws-cdk/aws-events": "1.187.0",
        "@aws-cdk/aws-iam": "1.187.0",
        "@aws-cdk/aws-kms": "1.187.0",
        "@aws-cdk/core": "1.187.0",
        "constructs": "^3.3.69"
      },
      "engines": {
        "node": ">= 14.15.0"
      },
      "peerDependencies": {
        "@aws-cdk/aws-events": "1.187.0",
        "@aws-cdk/aws-iam": "1.187.0",
        "@aws-cdk/aws-kms": "1.187.0",
        "@aws-cdk/core": "1.187.0",
        "constructs": "^3.3.69"
      }
    },
    "node_modules/@aws-cdk/aws-ecr-assets": {
      "version": "1.187.0",
      "resolved": "https://registry.npmjs.org/@aws-cdk/aws-ecr-assets/-/aws-ecr-assets-1.187.0.tgz",
      "integrity": "sha512-952d7V3+DKB1yndN8j5C4gHlKZlIj+/TeDOkwuN6IYvVCqUkGb1j8CUVjuAKl0XUOcTvFFeGBSpJdVgv/zD58A==",
      "dependencies": {
        "@aws-cdk/assets": "1.187.0",
        "@aws-cdk/aws-ecr": "1.187.0",
        "@aws-cdk/aws-iam": "1.187.0",
        "@aws-cdk/aws-s3": "1.187.0",
        "@aws-cdk/core": "1.187.0",
        "@aws-cdk/cx-api": "1.187.0",
        "constructs": "^3.3.69"
      },
      "engines": {
        "node": ">= 14.15.0"
      },
      "peerDependencies": {
        "@aws-cdk/assets": "1.187.0",
        "@aws-cdk/aws-ecr": "1.187.0",
        "@aws-cdk/aws-iam": "1.187.0",
        "@aws-cdk/aws-s3": "1.187.0",
        "@aws-cdk/core": "1.187.0",
        "@aws-cdk/cx-api": "1.187.0",
        "constructs": "^3.3.69"
      }
    },
    "node_modules/@aws-cdk/aws-efs": {
      "version": "1.187.0",
      "resolved": "https://registry.npmjs.org/@aws-cdk/aws-efs/-/aws-efs-1.187.0.tgz",
      "integrity": "sha512-vPEIrbOE53LUjDa1hIzcqo6vmwWlf5C4ugdv4xcZyJJi6DXhhcJoyRAlmRkt3PSRzYiT7dBoZlRQ7F8dG46tQg==",
      "dependencies": {
        "@aws-cdk/aws-ec2": "1.187.0",
        "@aws-cdk/aws-iam": "1.187.0",
        "@aws-cdk/aws-kms": "1.187.0",
        "@aws-cdk/cloud-assembly-schema": "1.187.0",
        "@aws-cdk/core": "1.187.0",
        "@aws-cdk/cx-api": "1.187.0",
        "constructs": "^3.3.69"
      },
      "engines": {
        "node": ">= 14.15.0"
      },
      "peerDependencies": {
        "@aws-cdk/aws-ec2": "1.187.0",
        "@aws-cdk/aws-iam": "1.187.0",
        "@aws-cdk/aws-kms": "1.187.0",
        "@aws-cdk/cloud-assembly-schema": "1.187.0",
        "@aws-cdk/core": "1.187.0",
        "@aws-cdk/cx-api": "1.187.0",
        "constructs": "^3.3.69"
      }
    },
    "node_modules/@aws-cdk/aws-events": {
      "version": "1.187.0",
      "resolved": "https://registry.npmjs.org/@aws-cdk/aws-events/-/aws-events-1.187.0.tgz",
      "integrity": "sha512-TFprrVzxR5Rq0NBSvXZT+3WOsuFAvA1TIralIGhmOHZjiVHV/6vCkXkh5VQg7mkD6tSmgpPACJOlwYdj7Q9ygg==",
      "dependencies": {
        "@aws-cdk/aws-iam": "1.187.0",
        "@aws-cdk/core": "1.187.0",
        "constructs": "^3.3.69"
      },
      "engines": {
        "node": ">= 14.15.0"
      },
      "peerDependencies": {
        "@aws-cdk/aws-iam": "1.187.0",
        "@aws-cdk/core": "1.187.0",
        "constructs": "^3.3.69"
      }
    },
    "node_modules/@aws-cdk/aws-greengrass": {
      "version": "1.187.0",
      "resolved": "https://registry.npmjs.org/@aws-cdk/aws-greengrass/-/aws-greengrass-1.187.0.tgz",
      "integrity": "sha512-YvSGv/XFi18WC7AXKpFuGJDfjiD78LvsvgHs/sZ0Ikwy9iRbLySxCsM/Rnu7ZF8pkEapbkXaLlUDorUI4sTp7Q==",
      "dependencies": {
        "@aws-cdk/core": "1.187.0",
        "constructs": "^3.3.69"
      },
      "engines": {
        "node": ">= 14.15.0"
      },
      "peerDependencies": {
        "@aws-cdk/core": "1.187.0",
        "constructs": "^3.3.69"
      }
    },
    "node_modules/@aws-cdk/aws-iam": {
      "version": "1.187.0",
      "resolved": "https://registry.npmjs.org/@aws-cdk/aws-iam/-/aws-iam-1.187.0.tgz",
      "integrity": "sha512-qrxmcMAGu3rXDsn7TGl174V8KyxeV1DUtbfAWvJF++p1mPLuCG2Fkynd5Qe5Vm0rGSOvlzLs+y44Q3s9N1u7RQ==",
      "dependencies": {
        "@aws-cdk/core": "1.187.0",
        "@aws-cdk/cx-api": "1.187.0",
        "@aws-cdk/region-info": "1.187.0",
        "constructs": "^3.3.69"
      },
      "engines": {
        "node": ">= 14.15.0"
      },
      "peerDependencies": {
        "@aws-cdk/core": "1.187.0",
        "@aws-cdk/region-info": "1.187.0",
        "constructs": "^3.3.69"
      }
    },
    "node_modules/@aws-cdk/aws-iotanalytics": {
      "version": "1.187.0",
      "resolved": "https://registry.npmjs.org/@aws-cdk/aws-iotanalytics/-/aws-iotanalytics-1.187.0.tgz",
      "integrity": "sha512-JpTM4bBEijuv9v2KjfY02x/XzTFnz0nX1Lc6ndbFGb3JvKcTizma+TmbvML5BmesoJK/MlFHzPjdgH8kfsy+tQ==",
      "dependencies": {
        "@aws-cdk/core": "1.187.0",
        "constructs": "^3.3.69"
      },
      "engines": {
        "node": ">= 14.15.0"
      },
      "peerDependencies": {
        "@aws-cdk/core": "1.187.0",
        "constructs": "^3.3.69"
      }
    },
    "node_modules/@aws-cdk/aws-kinesis": {
      "version": "1.187.0",
      "resolved": "https://registry.npmjs.org/@aws-cdk/aws-kinesis/-/aws-kinesis-1.187.0.tgz",
      "integrity": "sha512-QLnCNaRtc5IbIgDJkLvISM1izyo+i6NrdLTX2weCEi1zk3009LlZqc3PNxVeqk6K7+hOenjxgPz3DAPv9CuNjg==",
      "dependencies": {
        "@aws-cdk/aws-cloudwatch": "1.187.0",
        "@aws-cdk/aws-iam": "1.187.0",
        "@aws-cdk/aws-kms": "1.187.0",
        "@aws-cdk/aws-logs": "1.187.0",
        "@aws-cdk/core": "1.187.0",
        "constructs": "^3.3.69"
      },
      "engines": {
        "node": ">= 14.15.0"
      },
      "peerDependencies": {
        "@aws-cdk/aws-cloudwatch": "1.187.0",
        "@aws-cdk/aws-iam": "1.187.0",
        "@aws-cdk/aws-kms": "1.187.0",
        "@aws-cdk/aws-logs": "1.187.0",
        "@aws-cdk/core": "1.187.0",
        "constructs": "^3.3.69"
      }
    },
    "node_modules/@aws-cdk/aws-kms": {
      "version": "1.187.0",
      "resolved": "https://registry.npmjs.org/@aws-cdk/aws-kms/-/aws-kms-1.187.0.tgz",
      "integrity": "sha512-i0tITJqQLt0AyGvbnCDEu0xxJI4TdQHVJQ+L72GL8M9RbzLchgBZE5l+Q+k72MzxHMcM1sLzNgHp1UZnZojahg==",
      "dependencies": {
        "@aws-cdk/aws-iam": "1.187.0",
        "@aws-cdk/cloud-assembly-schema": "1.187.0",
        "@aws-cdk/core": "1.187.0",
        "@aws-cdk/cx-api": "1.187.0",
        "constructs": "^3.3.69"
      },
      "engines": {
        "node": ">= 14.15.0"
      },
      "peerDependencies": {
        "@aws-cdk/aws-iam": "1.187.0",
        "@aws-cdk/cloud-assembly-schema": "1.187.0",
        "@aws-cdk/core": "1.187.0",
        "@aws-cdk/cx-api": "1.187.0",
        "constructs": "^3.3.69"
      }
    },
    "node_modules/@aws-cdk/aws-lambda": {
      "version": "1.187.0",
      "resolved": "https://registry.npmjs.org/@aws-cdk/aws-lambda/-/aws-lambda-1.187.0.tgz",
      "integrity": "sha512-je82e4scorzGvZp5LHzcEbc15D59bCHhpt7gZ0XX6DT2ysA9MWSmFMv7AzgxfTTaYLFKvmtvNSPCuGwStzU2Hw==",
      "dependencies": {
        "@aws-cdk/aws-applicationautoscaling": "1.187.0",
        "@aws-cdk/aws-cloudwatch": "1.187.0",
        "@aws-cdk/aws-codeguruprofiler": "1.187.0",
        "@aws-cdk/aws-ec2": "1.187.0",
        "@aws-cdk/aws-ecr": "1.187.0",
        "@aws-cdk/aws-ecr-assets": "1.187.0",
        "@aws-cdk/aws-efs": "1.187.0",
        "@aws-cdk/aws-events": "1.187.0",
        "@aws-cdk/aws-iam": "1.187.0",
        "@aws-cdk/aws-kms": "1.187.0",
        "@aws-cdk/aws-logs": "1.187.0",
        "@aws-cdk/aws-s3": "1.187.0",
        "@aws-cdk/aws-s3-assets": "1.187.0",
        "@aws-cdk/aws-signer": "1.187.0",
        "@aws-cdk/aws-sns": "1.187.0",
        "@aws-cdk/aws-sqs": "1.187.0",
        "@aws-cdk/core": "1.187.0",
        "@aws-cdk/cx-api": "1.187.0",
        "@aws-cdk/region-info": "1.187.0",
        "constructs": "^3.3.69"
      },
      "engines": {
        "node": ">= 14.15.0"
      },
      "peerDependencies": {
        "@aws-cdk/aws-applicationautoscaling": "1.187.0",
        "@aws-cdk/aws-cloudwatch": "1.187.0",
        "@aws-cdk/aws-codeguruprofiler": "1.187.0",
        "@aws-cdk/aws-ec2": "1.187.0",
        "@aws-cdk/aws-ecr": "1.187.0",
        "@aws-cdk/aws-ecr-assets": "1.187.0",
        "@aws-cdk/aws-efs": "1.187.0",
        "@aws-cdk/aws-events": "1.187.0",
        "@aws-cdk/aws-iam": "1.187.0",
        "@aws-cdk/aws-kms": "1.187.0",
        "@aws-cdk/aws-logs": "1.187.0",
        "@aws-cdk/aws-s3": "1.187.0",
        "@aws-cdk/aws-s3-assets": "1.187.0",
        "@aws-cdk/aws-signer": "1.187.0",
        "@aws-cdk/aws-sns": "1.187.0",
        "@aws-cdk/aws-sqs": "1.187.0",
        "@aws-cdk/core": "1.187.0",
        "@aws-cdk/cx-api": "1.187.0",
        "@aws-cdk/region-info": "1.187.0",
        "constructs": "^3.3.69"
      }
    },
    "node_modules/@aws-cdk/aws-logs": {
      "version": "1.187.0",
      "resolved": "https://registry.npmjs.org/@aws-cdk/aws-logs/-/aws-logs-1.187.0.tgz",
      "integrity": "sha512-1SyLxR5NRzDKJFEdR/4nRNrTD3fMbkkPuAxanaGehbUaUJ86vbpnKdI2zgIy8FLVng1awNlnT+PCB3X9G1mpTQ==",
      "dependencies": {
        "@aws-cdk/aws-cloudwatch": "1.187.0",
        "@aws-cdk/aws-iam": "1.187.0",
        "@aws-cdk/aws-kms": "1.187.0",
        "@aws-cdk/aws-s3-assets": "1.187.0",
        "@aws-cdk/core": "1.187.0",
        "@aws-cdk/cx-api": "1.187.0",
        "constructs": "^3.3.69"
      },
      "engines": {
        "node": ">= 14.15.0"
      },
      "peerDependencies": {
        "@aws-cdk/aws-cloudwatch": "1.187.0",
        "@aws-cdk/aws-iam": "1.187.0",
        "@aws-cdk/aws-kms": "1.187.0",
        "@aws-cdk/aws-s3-assets": "1.187.0",
        "@aws-cdk/core": "1.187.0",
        "@aws-cdk/cx-api": "1.187.0",
        "constructs": "^3.3.69"
      }
    },
    "node_modules/@aws-cdk/aws-s3": {
      "version": "1.187.0",
      "resolved": "https://registry.npmjs.org/@aws-cdk/aws-s3/-/aws-s3-1.187.0.tgz",
      "integrity": "sha512-Ai0BORPjZ16ANIkxl1Bc1IPWwkGD2tcUU854QMXOkoF0YjIJceXBUSRhMNpEIAoLAaoW8jSVhth19bcxyM/NyA==",
      "dependencies": {
        "@aws-cdk/aws-events": "1.187.0",
        "@aws-cdk/aws-iam": "1.187.0",
        "@aws-cdk/aws-kms": "1.187.0",
        "@aws-cdk/core": "1.187.0",
        "@aws-cdk/cx-api": "1.187.0",
        "constructs": "^3.3.69"
      },
      "engines": {
        "node": ">= 14.15.0"
      },
      "peerDependencies": {
        "@aws-cdk/aws-events": "1.187.0",
        "@aws-cdk/aws-iam": "1.187.0",
        "@aws-cdk/aws-kms": "1.187.0",
        "@aws-cdk/core": "1.187.0",
        "@aws-cdk/cx-api": "1.187.0",
        "constructs": "^3.3.69"
      }
    },
    "node_modules/@aws-cdk/aws-s3-assets": {
      "version": "1.187.0",
      "resolved": "https://registry.npmjs.org/@aws-cdk/aws-s3-assets/-/aws-s3-assets-1.187.0.tgz",
      "integrity": "sha512-t/GPeZ4NRjpj2NUl0iiBqw5zuvA1YFwhMN94rkPuy2+kAEcuELbiIILGnpSR7guKn1hAXQOBKxMzhIooyu0H3Q==",
      "dependencies": {
        "@aws-cdk/assets": "1.187.0",
        "@aws-cdk/aws-iam": "1.187.0",
        "@aws-cdk/aws-kms": "1.187.0",
        "@aws-cdk/aws-s3": "1.187.0",
        "@aws-cdk/core": "1.187.0",
        "@aws-cdk/cx-api": "1.187.0",
        "constructs": "^3.3.69"
      },
      "engines": {
        "node": ">= 14.15.0"
      },
      "peerDependencies": {
        "@aws-cdk/assets": "1.187.0",
        "@aws-cdk/aws-iam": "1.187.0",
        "@aws-cdk/aws-kms": "1.187.0",
        "@aws-cdk/aws-s3": "1.187.0",
        "@aws-cdk/core": "1.187.0",
        "@aws-cdk/cx-api": "1.187.0",
        "constructs": "^3.3.69"
      }
    },
    "node_modules/@aws-cdk/aws-signer": {
      "version": "1.187.0",
      "resolved": "https://registry.npmjs.org/@aws-cdk/aws-signer/-/aws-signer-1.187.0.tgz",
      "integrity": "sha512-9Bul3SqlVXovga1sefeUs+5UkZXlwRHZU34LVBAjoOqLCJVzhXT/Q0o2Cmw1hrVNCCAVavJRy0qlxkPuMIfUpQ==",
      "dependencies": {
        "@aws-cdk/core": "1.187.0",
        "constructs": "^3.3.69"
      },
      "engines": {
        "node": ">= 14.15.0"
      },
      "peerDependencies": {
        "@aws-cdk/core": "1.187.0",
        "constructs": "^3.3.69"
      }
    },
    "node_modules/@aws-cdk/aws-sns": {
      "version": "1.187.0",
      "resolved": "https://registry.npmjs.org/@aws-cdk/aws-sns/-/aws-sns-1.187.0.tgz",
      "integrity": "sha512-ngshnChPwb4B3X84jBITQ2MyQNYaLJeUwjkgxfl2OnpfDmYBNu/uDKbp7K5dtOXsojT8pYUtepnnHLgSPfPSAg==",
      "dependencies": {
        "@aws-cdk/aws-cloudwatch": "1.187.0",
        "@aws-cdk/aws-codestarnotifications": "1.187.0",
        "@aws-cdk/aws-events": "1.187.0",
        "@aws-cdk/aws-iam": "1.187.0",
        "@aws-cdk/aws-kms": "1.187.0",
        "@aws-cdk/aws-sqs": "1.187.0",
        "@aws-cdk/core": "1.187.0",
        "constructs": "^3.3.69"
      },
      "engines": {
        "node": ">= 14.15.0"
      },
      "peerDependencies": {
        "@aws-cdk/aws-cloudwatch": "1.187.0",
        "@aws-cdk/aws-codestarnotifications": "1.187.0",
        "@aws-cdk/aws-events": "1.187.0",
        "@aws-cdk/aws-iam": "1.187.0",
        "@aws-cdk/aws-kms": "1.187.0",
        "@aws-cdk/aws-sqs": "1.187.0",
        "@aws-cdk/core": "1.187.0",
        "constructs": "^3.3.69"
      }
    },
    "node_modules/@aws-cdk/aws-sqs": {
      "version": "1.187.0",
      "resolved": "https://registry.npmjs.org/@aws-cdk/aws-sqs/-/aws-sqs-1.187.0.tgz",
      "integrity": "sha512-pr1JtkaDw/6WRzA0ZEK3uQ5taQ+ckoU8lCgmASjiFztUm/+NqPSHm1mZONfN9MKdTcMI0LHX1khaXkjQ7pao6g==",
      "dependencies": {
        "@aws-cdk/aws-cloudwatch": "1.187.0",
        "@aws-cdk/aws-iam": "1.187.0",
        "@aws-cdk/aws-kms": "1.187.0",
        "@aws-cdk/core": "1.187.0",
        "constructs": "^3.3.69"
      },
      "engines": {
        "node": ">= 14.15.0"
      },
      "peerDependencies": {
        "@aws-cdk/aws-cloudwatch": "1.187.0",
        "@aws-cdk/aws-iam": "1.187.0",
        "@aws-cdk/aws-kms": "1.187.0",
        "@aws-cdk/core": "1.187.0",
        "constructs": "^3.3.69"
      }
    },
    "node_modules/@aws-cdk/aws-ssm": {
      "version": "1.187.0",
      "resolved": "https://registry.npmjs.org/@aws-cdk/aws-ssm/-/aws-ssm-1.187.0.tgz",
      "integrity": "sha512-9y324wh1CkhZ/reuhSxWGJCdf736VAsQ5XPBlImQxGEXtomKBNUgLAjvy54GrtL8dxWH8BrjQct++VltzS2v7Q==",
      "dependencies": {
        "@aws-cdk/aws-iam": "1.187.0",
        "@aws-cdk/aws-kms": "1.187.0",
        "@aws-cdk/cloud-assembly-schema": "1.187.0",
        "@aws-cdk/core": "1.187.0",
        "constructs": "^3.3.69"
      },
      "engines": {
        "node": ">= 14.15.0"
      },
      "peerDependencies": {
        "@aws-cdk/aws-iam": "1.187.0",
        "@aws-cdk/aws-kms": "1.187.0",
        "@aws-cdk/cloud-assembly-schema": "1.187.0",
        "@aws-cdk/core": "1.187.0",
        "constructs": "^3.3.69"
      }
    },
    "node_modules/@aws-cdk/cloud-assembly-schema": {
      "version": "1.187.0",
      "resolved": "https://registry.npmjs.org/@aws-cdk/cloud-assembly-schema/-/cloud-assembly-schema-1.187.0.tgz",
      "integrity": "sha512-cvkeRFyoVJ0B2HSl2Vreq9FfX521e6oa68SBvva06123E9n2DadXFI1oum8V/ywSe3rViq+VqbUTfCYHpCHxUA==",
      "bundleDependencies": [
        "jsonschema",
        "semver"
      ],
      "dependencies": {
        "jsonschema": "^1.4.1",
        "semver": "^7.3.8"
      },
      "engines": {
        "node": ">= 14.15.0"
      }
    },
    "node_modules/@aws-cdk/cloud-assembly-schema/node_modules/jsonschema": {
      "version": "1.4.1",
      "inBundle": true,
      "license": "MIT",
      "engines": {
        "node": "*"
      }
    },
    "node_modules/@aws-cdk/cloud-assembly-schema/node_modules/lru-cache": {
      "version": "6.0.0",
      "inBundle": true,
      "license": "ISC",
      "dependencies": {
        "yallist": "^4.0.0"
      },
      "engines": {
        "node": ">=10"
      }
    },
    "node_modules/@aws-cdk/cloud-assembly-schema/node_modules/semver": {
      "version": "7.3.8",
      "inBundle": true,
      "license": "ISC",
      "dependencies": {
        "lru-cache": "^6.0.0"
      },
      "bin": {
        "semver": "bin/semver.js"
      },
      "engines": {
        "node": ">=10"
      }
    },
    "node_modules/@aws-cdk/cloud-assembly-schema/node_modules/yallist": {
      "version": "4.0.0",
      "inBundle": true,
      "license": "ISC"
    },
    "node_modules/@aws-cdk/core": {
      "version": "1.187.0",
      "resolved": "https://registry.npmjs.org/@aws-cdk/core/-/core-1.187.0.tgz",
      "integrity": "sha512-DG8tPTQdf0HQmlopiN6PiXDiDmHuwtTru+dRLKGShPXKpBGMJNF5GCIovd4UC6Co4XtiYLe0rDW7Su3G7vwEJA==",
      "bundleDependencies": [
        "fs-extra",
        "minimatch",
        "@balena/dockerignore",
        "ignore"
      ],
      "dependencies": {
        "@aws-cdk/cloud-assembly-schema": "1.187.0",
        "@aws-cdk/cx-api": "1.187.0",
        "@aws-cdk/region-info": "1.187.0",
        "@balena/dockerignore": "^1.0.2",
        "constructs": "^3.3.69",
        "fs-extra": "^9.1.0",
        "ignore": "^5.2.1",
        "minimatch": "^3.1.2"
      },
      "engines": {
        "node": ">= 14.15.0"
      },
      "peerDependencies": {
        "@aws-cdk/cloud-assembly-schema": "1.187.0",
        "@aws-cdk/cx-api": "1.187.0",
        "@aws-cdk/region-info": "1.187.0",
        "constructs": "^3.3.69"
      }
    },
    "node_modules/@aws-cdk/core/node_modules/@balena/dockerignore": {
      "version": "1.0.2",
      "inBundle": true,
      "license": "Apache-2.0"
    },
    "node_modules/@aws-cdk/core/node_modules/at-least-node": {
      "version": "1.0.0",
      "inBundle": true,
      "license": "ISC",
      "engines": {
        "node": ">= 4.0.0"
      }
    },
    "node_modules/@aws-cdk/core/node_modules/balanced-match": {
      "version": "1.0.2",
      "inBundle": true,
      "license": "MIT"
    },
    "node_modules/@aws-cdk/core/node_modules/brace-expansion": {
      "version": "1.1.11",
      "inBundle": true,
      "license": "MIT",
      "dependencies": {
        "balanced-match": "^1.0.0",
        "concat-map": "0.0.1"
      }
    },
    "node_modules/@aws-cdk/core/node_modules/concat-map": {
      "version": "0.0.1",
      "inBundle": true,
      "license": "MIT"
    },
    "node_modules/@aws-cdk/core/node_modules/fs-extra": {
      "version": "9.1.0",
      "inBundle": true,
      "license": "MIT",
      "dependencies": {
        "at-least-node": "^1.0.0",
        "graceful-fs": "^4.2.0",
        "jsonfile": "^6.0.1",
        "universalify": "^2.0.0"
      },
      "engines": {
        "node": ">=10"
      }
    },
    "node_modules/@aws-cdk/core/node_modules/graceful-fs": {
      "version": "4.2.10",
      "inBundle": true,
      "license": "ISC"
    },
    "node_modules/@aws-cdk/core/node_modules/ignore": {
      "version": "5.2.1",
      "inBundle": true,
      "license": "MIT",
      "engines": {
        "node": ">= 4"
      }
    },
    "node_modules/@aws-cdk/core/node_modules/jsonfile": {
      "version": "6.1.0",
      "inBundle": true,
      "license": "MIT",
      "dependencies": {
        "universalify": "^2.0.0"
      },
      "optionalDependencies": {
        "graceful-fs": "^4.1.6"
      }
    },
    "node_modules/@aws-cdk/core/node_modules/minimatch": {
      "version": "3.1.2",
      "inBundle": true,
      "license": "ISC",
      "dependencies": {
        "brace-expansion": "^1.1.7"
      },
      "engines": {
        "node": "*"
      }
    },
    "node_modules/@aws-cdk/core/node_modules/universalify": {
      "version": "2.0.0",
      "inBundle": true,
      "license": "MIT",
      "engines": {
        "node": ">= 10.0.0"
      }
    },
    "node_modules/@aws-cdk/cx-api": {
      "version": "1.187.0",
      "resolved": "https://registry.npmjs.org/@aws-cdk/cx-api/-/cx-api-1.187.0.tgz",
      "integrity": "sha512-TCXJ2yDlkGEpeNPDIrEg9BI8Iq57EcTXnHOnAaK+ETMX09LRyVMyNej9g4/rzCVSojTiRVmdnA9gIZ98h8ZJ4g==",
      "bundleDependencies": [
        "semver"
      ],
      "dependencies": {
        "@aws-cdk/cloud-assembly-schema": "1.187.0",
        "semver": "^7.3.8"
      },
      "engines": {
        "node": ">= 14.15.0"
      },
      "peerDependencies": {
        "@aws-cdk/cloud-assembly-schema": "1.187.0"
      }
    },
    "node_modules/@aws-cdk/cx-api/node_modules/lru-cache": {
      "version": "6.0.0",
      "inBundle": true,
      "license": "ISC",
      "dependencies": {
        "yallist": "^4.0.0"
      },
      "engines": {
        "node": ">=10"
      }
    },
    "node_modules/@aws-cdk/cx-api/node_modules/semver": {
      "version": "7.3.8",
      "inBundle": true,
      "license": "ISC",
      "dependencies": {
        "lru-cache": "^6.0.0"
      },
      "bin": {
        "semver": "bin/semver.js"
      },
      "engines": {
        "node": ">=10"
      }
    },
    "node_modules/@aws-cdk/cx-api/node_modules/yallist": {
      "version": "4.0.0",
      "inBundle": true,
      "license": "ISC"
    },
    "node_modules/@aws-cdk/region-info": {
      "version": "1.187.0",
      "resolved": "https://registry.npmjs.org/@aws-cdk/region-info/-/region-info-1.187.0.tgz",
      "integrity": "sha512-DkrXbqeLZcR44oUvtygFfllnb/hFUgDfElSPQVQDaDX+f67P22ABoJ7XuTyXjx6PmE3jWHXZR5roQv6rGLETpA==",
      "engines": {
        "node": ">= 14.15.0"
      }
    },
    "node_modules/@types/node": {
      "version": "16.11.12",
      "resolved": "https://registry.npmjs.org/@types/node/-/node-16.11.12.tgz",
      "integrity": "sha512-+2Iggwg7PxoO5Kyhvsq9VarmPbIelXP070HMImEpbtGCoyWNINQj4wzjbQCXzdHTRXnqufutJb5KAURZANNBAw==",
      "dev": true
    },
    "node_modules/@types/uuid": {
      "version": "8.3.3",
      "resolved": "https://registry.npmjs.org/@types/uuid/-/uuid-8.3.3.tgz",
      "integrity": "sha512-0LbEEx1zxrYB3pgpd1M5lEhLcXjKJnYghvhTRgaBeUivLHMDM1TzF3IJ6hXU2+8uA4Xz+5BA63mtZo5DjVT8iA==",
      "dev": true
    },
    "node_modules/constructs": {
      "version": "3.3.97",
      "resolved": "https://registry.npmjs.org/constructs/-/constructs-3.3.97.tgz",
      "integrity": "sha512-KDemmmUBgTDd2OKVOZkVEJM1LwP/bzm+cs2l/v1UYctIUl2X4LW+MrK7Ajd8blKkS5Vp6edkQSTSHUJnR/413w==",
      "engines": {
        "node": ">= 10.17.0"
      }
    },
    "node_modules/typescript": {
      "version": "4.5.4",
      "resolved": "https://registry.npmjs.org/typescript/-/typescript-4.5.4.tgz",
      "integrity": "sha512-VgYs2A2QIRuGphtzFV7aQJduJ2gyfTljngLzjpfW9FoYZF6xuw1W0vW9ghCKLfcWrCFxK81CSGRAvS1pn4fIUg==",
      "dev": true,
      "bin": {
        "tsc": "bin/tsc",
        "tsserver": "bin/tsserver"
      },
      "engines": {
        "node": ">=4.2.0"
      }
    },
    "node_modules/uuid": {
      "version": "8.3.2",
      "resolved": "https://registry.npmjs.org/uuid/-/uuid-8.3.2.tgz",
      "integrity": "sha512-+NYs2QeMWy+GWFOEm9xnn6HCDp0l7QBD7ml8zLUmJ+93Q5NF0NocErnwkTkXVFNiX3/fpC6afS8Dhb/gz7R7eg==",
      "bin": {
        "uuid": "dist/bin/uuid"
      }
    }
  },
  "dependencies": {
    "@aws-cdk/assets": {
      "version": "1.187.0",
      "resolved": "https://registry.npmjs.org/@aws-cdk/assets/-/assets-1.187.0.tgz",
      "integrity": "sha512-I2fqEKGQSH2cl9qkI346axghgoujn+jWpVjsxTvWmTLbx5OVsXyHzusNc3AJVJnDk9dVBmbBsJp5L39jJ08AbQ==",
      "requires": {
        "@aws-cdk/core": "1.187.0",
        "@aws-cdk/cx-api": "1.187.0",
        "constructs": "^3.3.69"
      }
    },
    "@aws-cdk/aws-applicationautoscaling": {
      "version": "1.187.0",
      "resolved": "https://registry.npmjs.org/@aws-cdk/aws-applicationautoscaling/-/aws-applicationautoscaling-1.187.0.tgz",
      "integrity": "sha512-c15Mqd69LHX7+f0QII5KbS1OMvEjKatL9Zy/Ps+VRA0ofZu+2JjPflQ7invN5xrVgly+ie8VSEAr4KH617MuLg==",
      "requires": {
        "@aws-cdk/aws-autoscaling-common": "1.187.0",
        "@aws-cdk/aws-cloudwatch": "1.187.0",
        "@aws-cdk/aws-iam": "1.187.0",
        "@aws-cdk/core": "1.187.0",
        "constructs": "^3.3.69"
      }
    },
    "@aws-cdk/aws-autoscaling-common": {
      "version": "1.187.0",
      "resolved": "https://registry.npmjs.org/@aws-cdk/aws-autoscaling-common/-/aws-autoscaling-common-1.187.0.tgz",
      "integrity": "sha512-61m/cwMCtM5a3gKfzLlpdFLz5xSv0KqInytaU8PYkoIiiWWFhwE94bV+Xay8LjRXx1CTwzqthzMp0xGFMZNsFA==",
      "requires": {
        "@aws-cdk/aws-iam": "1.187.0",
        "@aws-cdk/core": "1.187.0",
        "constructs": "^3.3.69"
      }
    },
    "@aws-cdk/aws-cloudformation": {
      "version": "1.187.0",
      "resolved": "https://registry.npmjs.org/@aws-cdk/aws-cloudformation/-/aws-cloudformation-1.187.0.tgz",
      "integrity": "sha512-IofdfGPkrimaVWgz6LAGMzKV5vkwlTE3ObOmYGs6q/uvl0uiJU0h8efKo1tXXJ92WcQzFaMDpl1I/ykV6pTAuw==",
      "requires": {
        "@aws-cdk/aws-iam": "1.187.0",
        "@aws-cdk/aws-lambda": "1.187.0",
        "@aws-cdk/aws-s3": "1.187.0",
        "@aws-cdk/aws-sns": "1.187.0",
        "@aws-cdk/core": "1.187.0",
        "@aws-cdk/cx-api": "1.187.0",
        "constructs": "^3.3.69"
      }
    },
    "@aws-cdk/aws-cloudwatch": {
      "version": "1.187.0",
      "resolved": "https://registry.npmjs.org/@aws-cdk/aws-cloudwatch/-/aws-cloudwatch-1.187.0.tgz",
      "integrity": "sha512-pPBF25K2qBfxnVd740kSFayWWOi1zhdHgua54VOA6UwRmtEO2KoVPGjWv4s69eL7ubkfeQrgVwTwxLzxHkctlQ==",
      "requires": {
        "@aws-cdk/aws-iam": "1.187.0",
        "@aws-cdk/core": "1.187.0",
        "constructs": "^3.3.69"
      }
    },
    "@aws-cdk/aws-codeguruprofiler": {
      "version": "1.187.0",
      "resolved": "https://registry.npmjs.org/@aws-cdk/aws-codeguruprofiler/-/aws-codeguruprofiler-1.187.0.tgz",
      "integrity": "sha512-vYUYwmKPs70tnwvpcJ0yq7r1XAzT/iu97kcuf6ENtQw7nBHzpzKkGcXzgfiAJZ6t9IxtnkXeBp1GsSqdp4RrEQ==",
      "requires": {
        "@aws-cdk/aws-iam": "1.187.0",
        "@aws-cdk/core": "1.187.0",
        "constructs": "^3.3.69"
      }
    },
    "@aws-cdk/aws-codestarnotifications": {
      "version": "1.187.0",
      "resolved": "https://registry.npmjs.org/@aws-cdk/aws-codestarnotifications/-/aws-codestarnotifications-1.187.0.tgz",
      "integrity": "sha512-IQoX0XdC/3+MjUaH81g+2tf30HZcCc8I4w+aRak8WW8J4JFtgdMvmadTUWcEj/VFcWnU43/sxlFt4LZBHlyzYg==",
      "requires": {
        "@aws-cdk/core": "1.187.0",
        "constructs": "^3.3.69"
      }
    },
    "@aws-cdk/aws-ec2": {
      "version": "1.187.0",
      "resolved": "https://registry.npmjs.org/@aws-cdk/aws-ec2/-/aws-ec2-1.187.0.tgz",
      "integrity": "sha512-Bc+8RIosg5CiF+Xj9bDKWW42Nay4lLo02xloE/oDfEg1Ufu600bVRYEPPOyBEB2JE/lQeLqHGmS5Xr1vwLQ46Q==",
      "requires": {
        "@aws-cdk/aws-cloudwatch": "1.187.0",
        "@aws-cdk/aws-iam": "1.187.0",
        "@aws-cdk/aws-kms": "1.187.0",
        "@aws-cdk/aws-logs": "1.187.0",
        "@aws-cdk/aws-s3": "1.187.0",
        "@aws-cdk/aws-s3-assets": "1.187.0",
        "@aws-cdk/aws-ssm": "1.187.0",
        "@aws-cdk/cloud-assembly-schema": "1.187.0",
        "@aws-cdk/core": "1.187.0",
        "@aws-cdk/cx-api": "1.187.0",
        "@aws-cdk/region-info": "1.187.0",
        "constructs": "^3.3.69"
      }
    },
    "@aws-cdk/aws-ecr": {
      "version": "1.187.0",
      "resolved": "https://registry.npmjs.org/@aws-cdk/aws-ecr/-/aws-ecr-1.187.0.tgz",
      "integrity": "sha512-W7zKjZpPCG0znBBhzJBuVGW31it9RysAGuIEPg+9oADMoKyrQh/M9C6OupQRf4rpeiLez/gZul6sirmwhR0Sjw==",
      "requires": {
        "@aws-cdk/aws-events": "1.187.0",
        "@aws-cdk/aws-iam": "1.187.0",
        "@aws-cdk/aws-kms": "1.187.0",
        "@aws-cdk/core": "1.187.0",
        "constructs": "^3.3.69"
      }
    },
    "@aws-cdk/aws-ecr-assets": {
      "version": "1.187.0",
      "resolved": "https://registry.npmjs.org/@aws-cdk/aws-ecr-assets/-/aws-ecr-assets-1.187.0.tgz",
      "integrity": "sha512-952d7V3+DKB1yndN8j5C4gHlKZlIj+/TeDOkwuN6IYvVCqUkGb1j8CUVjuAKl0XUOcTvFFeGBSpJdVgv/zD58A==",
      "requires": {
        "@aws-cdk/assets": "1.187.0",
        "@aws-cdk/aws-ecr": "1.187.0",
        "@aws-cdk/aws-iam": "1.187.0",
        "@aws-cdk/aws-s3": "1.187.0",
        "@aws-cdk/core": "1.187.0",
        "@aws-cdk/cx-api": "1.187.0",
        "constructs": "^3.3.69"
      }
    },
    "@aws-cdk/aws-efs": {
      "version": "1.187.0",
      "resolved": "https://registry.npmjs.org/@aws-cdk/aws-efs/-/aws-efs-1.187.0.tgz",
      "integrity": "sha512-vPEIrbOE53LUjDa1hIzcqo6vmwWlf5C4ugdv4xcZyJJi6DXhhcJoyRAlmRkt3PSRzYiT7dBoZlRQ7F8dG46tQg==",
      "requires": {
        "@aws-cdk/aws-ec2": "1.187.0",
        "@aws-cdk/aws-iam": "1.187.0",
        "@aws-cdk/aws-kms": "1.187.0",
        "@aws-cdk/cloud-assembly-schema": "1.187.0",
        "@aws-cdk/core": "1.187.0",
        "@aws-cdk/cx-api": "1.187.0",
        "constructs": "^3.3.69"
      }
    },
    "@aws-cdk/aws-events": {
      "version": "1.187.0",
      "resolved": "https://registry.npmjs.org/@aws-cdk/aws-events/-/aws-events-1.187.0.tgz",
      "integrity": "sha512-TFprrVzxR5Rq0NBSvXZT+3WOsuFAvA1TIralIGhmOHZjiVHV/6vCkXkh5VQg7mkD6tSmgpPACJOlwYdj7Q9ygg==",
      "requires": {
        "@aws-cdk/aws-iam": "1.187.0",
        "@aws-cdk/core": "1.187.0",
        "constructs": "^3.3.69"
      }
    },
    "@aws-cdk/aws-greengrass": {
      "version": "1.187.0",
      "resolved": "https://registry.npmjs.org/@aws-cdk/aws-greengrass/-/aws-greengrass-1.187.0.tgz",
      "integrity": "sha512-YvSGv/XFi18WC7AXKpFuGJDfjiD78LvsvgHs/sZ0Ikwy9iRbLySxCsM/Rnu7ZF8pkEapbkXaLlUDorUI4sTp7Q==",
      "requires": {
        "@aws-cdk/core": "1.187.0",
        "constructs": "^3.3.69"
      }
    },
    "@aws-cdk/aws-iam": {
      "version": "1.187.0",
      "resolved": "https://registry.npmjs.org/@aws-cdk/aws-iam/-/aws-iam-1.187.0.tgz",
      "integrity": "sha512-qrxmcMAGu3rXDsn7TGl174V8KyxeV1DUtbfAWvJF++p1mPLuCG2Fkynd5Qe5Vm0rGSOvlzLs+y44Q3s9N1u7RQ==",
      "requires": {
        "@aws-cdk/core": "1.187.0",
        "@aws-cdk/cx-api": "1.187.0",
        "@aws-cdk/region-info": "1.187.0",
        "constructs": "^3.3.69"
      }
    },
    "@aws-cdk/aws-iotanalytics": {
      "version": "1.187.0",
      "resolved": "https://registry.npmjs.org/@aws-cdk/aws-iotanalytics/-/aws-iotanalytics-1.187.0.tgz",
      "integrity": "sha512-JpTM4bBEijuv9v2KjfY02x/XzTFnz0nX1Lc6ndbFGb3JvKcTizma+TmbvML5BmesoJK/MlFHzPjdgH8kfsy+tQ==",
      "requires": {
        "@aws-cdk/core": "1.187.0",
        "constructs": "^3.3.69"
      }
    },
    "@aws-cdk/aws-kinesis": {
      "version": "1.187.0",
      "resolved": "https://registry.npmjs.org/@aws-cdk/aws-kinesis/-/aws-kinesis-1.187.0.tgz",
      "integrity": "sha512-QLnCNaRtc5IbIgDJkLvISM1izyo+i6NrdLTX2weCEi1zk3009LlZqc3PNxVeqk6K7+hOenjxgPz3DAPv9CuNjg==",
      "requires": {
        "@aws-cdk/aws-cloudwatch": "1.187.0",
        "@aws-cdk/aws-iam": "1.187.0",
        "@aws-cdk/aws-kms": "1.187.0",
        "@aws-cdk/aws-logs": "1.187.0",
        "@aws-cdk/core": "1.187.0",
        "constructs": "^3.3.69"
      }
    },
    "@aws-cdk/aws-kms": {
      "version": "1.187.0",
      "resolved": "https://registry.npmjs.org/@aws-cdk/aws-kms/-/aws-kms-1.187.0.tgz",
      "integrity": "sha512-i0tITJqQLt0AyGvbnCDEu0xxJI4TdQHVJQ+L72GL8M9RbzLchgBZE5l+Q+k72MzxHMcM1sLzNgHp1UZnZojahg==",
      "requires": {
        "@aws-cdk/aws-iam": "1.187.0",
        "@aws-cdk/cloud-assembly-schema": "1.187.0",
        "@aws-cdk/core": "1.187.0",
        "@aws-cdk/cx-api": "1.187.0",
        "constructs": "^3.3.69"
      }
    },
    "@aws-cdk/aws-lambda": {
      "version": "1.187.0",
      "resolved": "https://registry.npmjs.org/@aws-cdk/aws-lambda/-/aws-lambda-1.187.0.tgz",
      "integrity": "sha512-je82e4scorzGvZp5LHzcEbc15D59bCHhpt7gZ0XX6DT2ysA9MWSmFMv7AzgxfTTaYLFKvmtvNSPCuGwStzU2Hw==",
      "requires": {
        "@aws-cdk/aws-applicationautoscaling": "1.187.0",
        "@aws-cdk/aws-cloudwatch": "1.187.0",
        "@aws-cdk/aws-codeguruprofiler": "1.187.0",
        "@aws-cdk/aws-ec2": "1.187.0",
        "@aws-cdk/aws-ecr": "1.187.0",
        "@aws-cdk/aws-ecr-assets": "1.187.0",
        "@aws-cdk/aws-efs": "1.187.0",
        "@aws-cdk/aws-events": "1.187.0",
        "@aws-cdk/aws-iam": "1.187.0",
        "@aws-cdk/aws-kms": "1.187.0",
        "@aws-cdk/aws-logs": "1.187.0",
        "@aws-cdk/aws-s3": "1.187.0",
        "@aws-cdk/aws-s3-assets": "1.187.0",
        "@aws-cdk/aws-signer": "1.187.0",
        "@aws-cdk/aws-sns": "1.187.0",
        "@aws-cdk/aws-sqs": "1.187.0",
        "@aws-cdk/core": "1.187.0",
        "@aws-cdk/cx-api": "1.187.0",
        "@aws-cdk/region-info": "1.187.0",
        "constructs": "^3.3.69"
      }
    },
    "@aws-cdk/aws-logs": {
      "version": "1.187.0",
      "resolved": "https://registry.npmjs.org/@aws-cdk/aws-logs/-/aws-logs-1.187.0.tgz",
      "integrity": "sha512-1SyLxR5NRzDKJFEdR/4nRNrTD3fMbkkPuAxanaGehbUaUJ86vbpnKdI2zgIy8FLVng1awNlnT+PCB3X9G1mpTQ==",
      "requires": {
        "@aws-cdk/aws-cloudwatch": "1.187.0",
        "@aws-cdk/aws-iam": "1.187.0",
        "@aws-cdk/aws-kms": "1.187.0",
        "@aws-cdk/aws-s3-assets": "1.187.0",
        "@aws-cdk/core": "1.187.0",
        "@aws-cdk/cx-api": "1.187.0",
        "constructs": "^3.3.69"
      }
    },
    "@aws-cdk/aws-s3": {
      "version": "1.187.0",
      "resolved": "https://registry.npmjs.org/@aws-cdk/aws-s3/-/aws-s3-1.187.0.tgz",
      "integrity": "sha512-Ai0BORPjZ16ANIkxl1Bc1IPWwkGD2tcUU854QMXOkoF0YjIJceXBUSRhMNpEIAoLAaoW8jSVhth19bcxyM/NyA==",
      "requires": {
        "@aws-cdk/aws-events": "1.187.0",
        "@aws-cdk/aws-iam": "1.187.0",
        "@aws-cdk/aws-kms": "1.187.0",
        "@aws-cdk/core": "1.187.0",
        "@aws-cdk/cx-api": "1.187.0",
        "constructs": "^3.3.69"
      }
    },
    "@aws-cdk/aws-s3-assets": {
      "version": "1.187.0",
      "resolved": "https://registry.npmjs.org/@aws-cdk/aws-s3-assets/-/aws-s3-assets-1.187.0.tgz",
      "integrity": "sha512-t/GPeZ4NRjpj2NUl0iiBqw5zuvA1YFwhMN94rkPuy2+kAEcuELbiIILGnpSR7guKn1hAXQOBKxMzhIooyu0H3Q==",
      "requires": {
        "@aws-cdk/assets": "1.187.0",
        "@aws-cdk/aws-iam": "1.187.0",
        "@aws-cdk/aws-kms": "1.187.0",
        "@aws-cdk/aws-s3": "1.187.0",
        "@aws-cdk/core": "1.187.0",
        "@aws-cdk/cx-api": "1.187.0",
        "constructs": "^3.3.69"
      }
    },
    "@aws-cdk/aws-signer": {
      "version": "1.187.0",
      "resolved": "https://registry.npmjs.org/@aws-cdk/aws-signer/-/aws-signer-1.187.0.tgz",
      "integrity": "sha512-9Bul3SqlVXovga1sefeUs+5UkZXlwRHZU34LVBAjoOqLCJVzhXT/Q0o2Cmw1hrVNCCAVavJRy0qlxkPuMIfUpQ==",
      "requires": {
        "@aws-cdk/core": "1.187.0",
        "constructs": "^3.3.69"
      }
    },
    "@aws-cdk/aws-sns": {
      "version": "1.187.0",
      "resolved": "https://registry.npmjs.org/@aws-cdk/aws-sns/-/aws-sns-1.187.0.tgz",
      "integrity": "sha512-ngshnChPwb4B3X84jBITQ2MyQNYaLJeUwjkgxfl2OnpfDmYBNu/uDKbp7K5dtOXsojT8pYUtepnnHLgSPfPSAg==",
      "requires": {
        "@aws-cdk/aws-cloudwatch": "1.187.0",
        "@aws-cdk/aws-codestarnotifications": "1.187.0",
        "@aws-cdk/aws-events": "1.187.0",
        "@aws-cdk/aws-iam": "1.187.0",
        "@aws-cdk/aws-kms": "1.187.0",
        "@aws-cdk/aws-sqs": "1.187.0",
        "@aws-cdk/core": "1.187.0",
        "constructs": "^3.3.69"
      }
    },
    "@aws-cdk/aws-sqs": {
      "version": "1.187.0",
      "resolved": "https://registry.npmjs.org/@aws-cdk/aws-sqs/-/aws-sqs-1.187.0.tgz",
      "integrity": "sha512-pr1JtkaDw/6WRzA0ZEK3uQ5taQ+ckoU8lCgmASjiFztUm/+NqPSHm1mZONfN9MKdTcMI0LHX1khaXkjQ7pao6g==",
      "requires": {
        "@aws-cdk/aws-cloudwatch": "1.187.0",
        "@aws-cdk/aws-iam": "1.187.0",
        "@aws-cdk/aws-kms": "1.187.0",
        "@aws-cdk/core": "1.187.0",
        "constructs": "^3.3.69"
      }
    },
    "@aws-cdk/aws-ssm": {
      "version": "1.187.0",
      "resolved": "https://registry.npmjs.org/@aws-cdk/aws-ssm/-/aws-ssm-1.187.0.tgz",
      "integrity": "sha512-9y324wh1CkhZ/reuhSxWGJCdf736VAsQ5XPBlImQxGEXtomKBNUgLAjvy54GrtL8dxWH8BrjQct++VltzS2v7Q==",
      "requires": {
        "@aws-cdk/aws-iam": "1.187.0",
        "@aws-cdk/aws-kms": "1.187.0",
        "@aws-cdk/cloud-assembly-schema": "1.187.0",
        "@aws-cdk/core": "1.187.0",
        "constructs": "^3.3.69"
      }
    },
    "@aws-cdk/cloud-assembly-schema": {
      "version": "1.187.0",
      "resolved": "https://registry.npmjs.org/@aws-cdk/cloud-assembly-schema/-/cloud-assembly-schema-1.187.0.tgz",
      "integrity": "sha512-cvkeRFyoVJ0B2HSl2Vreq9FfX521e6oa68SBvva06123E9n2DadXFI1oum8V/ywSe3rViq+VqbUTfCYHpCHxUA==",
      "requires": {
        "jsonschema": "^1.4.1",
        "semver": "^7.3.8"
      },
      "dependencies": {
        "jsonschema": {
          "version": "1.4.1",
          "bundled": true
        },
        "lru-cache": {
          "version": "6.0.0",
          "bundled": true,
          "requires": {
            "yallist": "^4.0.0"
          }
        },
        "semver": {
          "version": "7.3.8",
          "bundled": true,
          "requires": {
            "lru-cache": "^6.0.0"
          }
        },
        "yallist": {
          "version": "4.0.0",
          "bundled": true
        }
      }
    },
    "@aws-cdk/core": {
      "version": "1.187.0",
      "resolved": "https://registry.npmjs.org/@aws-cdk/core/-/core-1.187.0.tgz",
      "integrity": "sha512-DG8tPTQdf0HQmlopiN6PiXDiDmHuwtTru+dRLKGShPXKpBGMJNF5GCIovd4UC6Co4XtiYLe0rDW7Su3G7vwEJA==",
      "requires": {
        "@aws-cdk/cloud-assembly-schema": "1.187.0",
        "@aws-cdk/cx-api": "1.187.0",
        "@aws-cdk/region-info": "1.187.0",
        "@balena/dockerignore": "^1.0.2",
        "constructs": "^3.3.69",
        "fs-extra": "^9.1.0",
        "ignore": "^5.2.1",
        "minimatch": "^3.1.2"
      },
      "dependencies": {
        "@balena/dockerignore": {
          "version": "1.0.2",
          "bundled": true
        },
        "at-least-node": {
          "version": "1.0.0",
          "bundled": true
        },
        "balanced-match": {
          "version": "1.0.2",
          "bundled": true
        },
        "brace-expansion": {
          "version": "1.1.11",
          "bundled": true,
          "requires": {
            "balanced-match": "^1.0.0",
            "concat-map": "0.0.1"
          }
        },
        "concat-map": {
          "version": "0.0.1",
          "bundled": true
        },
        "fs-extra": {
          "version": "9.1.0",
          "bundled": true,
          "requires": {
            "at-least-node": "^1.0.0",
            "graceful-fs": "^4.2.0",
            "jsonfile": "^6.0.1",
            "universalify": "^2.0.0"
          }
        },
        "graceful-fs": {
          "version": "4.2.10",
          "bundled": true
        },
        "ignore": {
          "version": "5.2.1",
          "bundled": true
        },
        "jsonfile": {
          "version": "6.1.0",
          "bundled": true,
          "requires": {
            "graceful-fs": "^4.1.6",
            "universalify": "^2.0.0"
          }
        },
        "minimatch": {
          "version": "3.1.2",
          "bundled": true,
          "requires": {
            "brace-expansion": "^1.1.7"
          }
        },
        "universalify": {
          "version": "2.0.0",
          "bundled": true
        }
      }
    },
    "@aws-cdk/cx-api": {
      "version": "1.187.0",
      "resolved": "https://registry.npmjs.org/@aws-cdk/cx-api/-/cx-api-1.187.0.tgz",
      "integrity": "sha512-TCXJ2yDlkGEpeNPDIrEg9BI8Iq57EcTXnHOnAaK+ETMX09LRyVMyNej9g4/rzCVSojTiRVmdnA9gIZ98h8ZJ4g==",
      "requires": {
        "@aws-cdk/cloud-assembly-schema": "1.187.0",
        "semver": "^7.3.8"
      },
      "dependencies": {
        "lru-cache": {
          "version": "6.0.0",
          "bundled": true,
          "requires": {
            "yallist": "^4.0.0"
          }
        },
        "semver": {
          "version": "7.3.8",
          "bundled": true,
          "requires": {
            "lru-cache": "^6.0.0"
          }
        },
        "yallist": {
          "version": "4.0.0",
          "bundled": true
        }
      }
    },
    "@aws-cdk/region-info": {
      "version": "1.187.0",
      "resolved": "https://registry.npmjs.org/@aws-cdk/region-info/-/region-info-1.187.0.tgz",
      "integrity": "sha512-DkrXbqeLZcR44oUvtygFfllnb/hFUgDfElSPQVQDaDX+f67P22ABoJ7XuTyXjx6PmE3jWHXZR5roQv6rGLETpA=="
    },
    "@types/node": {
      "version": "16.11.12",
      "resolved": "https://registry.npmjs.org/@types/node/-/node-16.11.12.tgz",
      "integrity": "sha512-+2Iggwg7PxoO5Kyhvsq9VarmPbIelXP070HMImEpbtGCoyWNINQj4wzjbQCXzdHTRXnqufutJb5KAURZANNBAw==",
      "dev": true
    },
    "@types/uuid": {
      "version": "8.3.3",
      "resolved": "https://registry.npmjs.org/@types/uuid/-/uuid-8.3.3.tgz",
      "integrity": "sha512-0LbEEx1zxrYB3pgpd1M5lEhLcXjKJnYghvhTRgaBeUivLHMDM1TzF3IJ6hXU2+8uA4Xz+5BA63mtZo5DjVT8iA==",
      "dev": true
    },
    "constructs": {
      "version": "3.3.97",
      "resolved": "https://registry.npmjs.org/constructs/-/constructs-3.3.97.tgz",
      "integrity": "sha512-KDemmmUBgTDd2OKVOZkVEJM1LwP/bzm+cs2l/v1UYctIUl2X4LW+MrK7Ajd8blKkS5Vp6edkQSTSHUJnR/413w=="
    },
    "typescript": {
      "version": "4.5.4",
      "resolved": "https://registry.npmjs.org/typescript/-/typescript-4.5.4.tgz",
      "integrity": "sha512-VgYs2A2QIRuGphtzFV7aQJduJ2gyfTljngLzjpfW9FoYZF6xuw1W0vW9ghCKLfcWrCFxK81CSGRAvS1pn4fIUg==",
      "dev": true
    },
    "uuid": {
      "version": "8.3.2",
      "resolved": "https://registry.npmjs.org/uuid/-/uuid-8.3.2.tgz",
      "integrity": "sha512-+NYs2QeMWy+GWFOEm9xnn6HCDp0l7QBD7ml8zLUmJ+93Q5NF0NocErnwkTkXVFNiX3/fpC6afS8Dhb/gz7R7eg=="
    }
  }
}
